// !$*UTF8*$!
{
	archiveVersion = 1;
	classes = {
	};
	objectVersion = 50;
	objects = {

/* Begin PBXBuildFile section */
		04789E2E262F530F00C824AC /* AppDelegate.swift in Sources */ = {isa = PBXBuildFile; fileRef = 04789E2D262F530F00C824AC /* AppDelegate.swift */; };
		04789E30262F530F00C824AC /* SceneDelegate.swift in Sources */ = {isa = PBXBuildFile; fileRef = 04789E2F262F530F00C824AC /* SceneDelegate.swift */; };
		04789E32262F530F00C824AC /* ViewController.swift in Sources */ = {isa = PBXBuildFile; fileRef = 04789E31262F530F00C824AC /* ViewController.swift */; };
		04789E35262F530F00C824AC /* Main.storyboard in Resources */ = {isa = PBXBuildFile; fileRef = 04789E33262F530F00C824AC /* Main.storyboard */; };
		04789E37262F531000C824AC /* Assets.xcassets in Resources */ = {isa = PBXBuildFile; fileRef = 04789E36262F531000C824AC /* Assets.xcassets */; };
		04789E3A262F531000C824AC /* LaunchScreen.storyboard in Resources */ = {isa = PBXBuildFile; fileRef = 04789E38262F531000C824AC /* LaunchScreen.storyboard */; };
		04789E45262F531000C824AC /* datebookTests.swift in Sources */ = {isa = PBXBuildFile; fileRef = 04789E44262F531000C824AC /* datebookTests.swift */; };
		04789E50262F531000C824AC /* datebookUITests.swift in Sources */ = {isa = PBXBuildFile; fileRef = 04789E4F262F531000C824AC /* datebookUITests.swift */; };
		15EF050CF1CA127B42759074 /* Pods_datebook.framework in Frameworks */ = {isa = PBXBuildFile; fileRef = 4548791B283328BA4802F569 /* Pods_datebook.framework */; };
		40A44F36A86243EE9EBEB048 /* Pods_datebook_datebookUITests.framework in Frameworks */ = {isa = PBXBuildFile; fileRef = 5E6C2C584AE6C7BF70E5058A /* Pods_datebook_datebookUITests.framework */; };
		C2797DCC7ED96129F4EA5F74 /* Pods_datebookTests.framework in Frameworks */ = {isa = PBXBuildFile; fileRef = FDB628ABF63F41B7EACC8F12 /* Pods_datebookTests.framework */; };
/* End PBXBuildFile section */

/* Begin PBXContainerItemProxy section */
		04789E41262F531000C824AC /* PBXContainerItemProxy */ = {
			isa = PBXContainerItemProxy;
			containerPortal = 04789E22262F530F00C824AC /* Project object */;
			proxyType = 1;
			remoteGlobalIDString = 04789E29262F530F00C824AC;
			remoteInfo = datebook;
		};
		04789E4C262F531000C824AC /* PBXContainerItemProxy */ = {
			isa = PBXContainerItemProxy;
			containerPortal = 04789E22262F530F00C824AC /* Project object */;
			proxyType = 1;
			remoteGlobalIDString = 04789E29262F530F00C824AC;
			remoteInfo = datebook;
		};
/* End PBXContainerItemProxy section */

/* Begin PBXFileReference section */
		04789E2A262F530F00C824AC /* datebook.app */ = {isa = PBXFileReference; explicitFileType = wrapper.application; includeInIndex = 0; path = datebook.app; sourceTree = BUILT_PRODUCTS_DIR; };
		04789E2D262F530F00C824AC /* AppDelegate.swift */ = {isa = PBXFileReference; lastKnownFileType = sourcecode.swift; path = AppDelegate.swift; sourceTree = "<group>"; };
		04789E2F262F530F00C824AC /* SceneDelegate.swift */ = {isa = PBXFileReference; lastKnownFileType = sourcecode.swift; path = SceneDelegate.swift; sourceTree = "<group>"; };
		04789E31262F530F00C824AC /* ViewController.swift */ = {isa = PBXFileReference; lastKnownFileType = sourcecode.swift; path = ViewController.swift; sourceTree = "<group>"; };
		04789E34262F530F00C824AC /* Base */ = {isa = PBXFileReference; lastKnownFileType = file.storyboard; name = Base; path = Base.lproj/Main.storyboard; sourceTree = "<group>"; };
		04789E36262F531000C824AC /* Assets.xcassets */ = {isa = PBXFileReference; lastKnownFileType = folder.assetcatalog; path = Assets.xcassets; sourceTree = "<group>"; };
		04789E39262F531000C824AC /* Base */ = {isa = PBXFileReference; lastKnownFileType = file.storyboard; name = Base; path = Base.lproj/LaunchScreen.storyboard; sourceTree = "<group>"; };
		04789E3B262F531000C824AC /* Info.plist */ = {isa = PBXFileReference; lastKnownFileType = text.plist.xml; path = Info.plist; sourceTree = "<group>"; };
		04789E40262F531000C824AC /* datebookTests.xctest */ = {isa = PBXFileReference; explicitFileType = wrapper.cfbundle; includeInIndex = 0; path = datebookTests.xctest; sourceTree = BUILT_PRODUCTS_DIR; };
		04789E44262F531000C824AC /* datebookTests.swift */ = {isa = PBXFileReference; lastKnownFileType = sourcecode.swift; path = datebookTests.swift; sourceTree = "<group>"; };
		04789E46262F531000C824AC /* Info.plist */ = {isa = PBXFileReference; lastKnownFileType = text.plist.xml; path = Info.plist; sourceTree = "<group>"; };
		04789E4B262F531000C824AC /* datebookUITests.xctest */ = {isa = PBXFileReference; explicitFileType = wrapper.cfbundle; includeInIndex = 0; path = datebookUITests.xctest; sourceTree = BUILT_PRODUCTS_DIR; };
		04789E4F262F531000C824AC /* datebookUITests.swift */ = {isa = PBXFileReference; lastKnownFileType = sourcecode.swift; path = datebookUITests.swift; sourceTree = "<group>"; };
		04789E51262F531000C824AC /* Info.plist */ = {isa = PBXFileReference; lastKnownFileType = text.plist.xml; path = Info.plist; sourceTree = "<group>"; };
		3B59D7E11159F79FCAC9D54B /* Pods-datebookTests.debug.xcconfig */ = {isa = PBXFileReference; includeInIndex = 1; lastKnownFileType = text.xcconfig; name = "Pods-datebookTests.debug.xcconfig"; path = "Target Support Files/Pods-datebookTests/Pods-datebookTests.debug.xcconfig"; sourceTree = "<group>"; };
		4548791B283328BA4802F569 /* Pods_datebook.framework */ = {isa = PBXFileReference; explicitFileType = wrapper.framework; includeInIndex = 0; path = Pods_datebook.framework; sourceTree = BUILT_PRODUCTS_DIR; };
		5E6C2C584AE6C7BF70E5058A /* Pods_datebook_datebookUITests.framework */ = {isa = PBXFileReference; explicitFileType = wrapper.framework; includeInIndex = 0; path = Pods_datebook_datebookUITests.framework; sourceTree = BUILT_PRODUCTS_DIR; };
		6695E8460E9102718233DE41 /* Pods-datebook.release.xcconfig */ = {isa = PBXFileReference; includeInIndex = 1; lastKnownFileType = text.xcconfig; name = "Pods-datebook.release.xcconfig"; path = "Target Support Files/Pods-datebook/Pods-datebook.release.xcconfig"; sourceTree = "<group>"; };
		979C322B63836ABA92F36911 /* Pods-datebook-datebookUITests.debug.xcconfig */ = {isa = PBXFileReference; includeInIndex = 1; lastKnownFileType = text.xcconfig; name = "Pods-datebook-datebookUITests.debug.xcconfig"; path = "Target Support Files/Pods-datebook-datebookUITests/Pods-datebook-datebookUITests.debug.xcconfig"; sourceTree = "<group>"; };
		A04F0AA976F43A0337B61F24 /* Pods-datebook-datebookUITests.release.xcconfig */ = {isa = PBXFileReference; includeInIndex = 1; lastKnownFileType = text.xcconfig; name = "Pods-datebook-datebookUITests.release.xcconfig"; path = "Target Support Files/Pods-datebook-datebookUITests/Pods-datebook-datebookUITests.release.xcconfig"; sourceTree = "<group>"; };
		A1A227CEAA81503C7CD93909 /* Pods-datebookTests.release.xcconfig */ = {isa = PBXFileReference; includeInIndex = 1; lastKnownFileType = text.xcconfig; name = "Pods-datebookTests.release.xcconfig"; path = "Target Support Files/Pods-datebookTests/Pods-datebookTests.release.xcconfig"; sourceTree = "<group>"; };
		B67F4DB7F5D74B46E35FF189 /* Pods-datebook.debug.xcconfig */ = {isa = PBXFileReference; includeInIndex = 1; lastKnownFileType = text.xcconfig; name = "Pods-datebook.debug.xcconfig"; path = "Target Support Files/Pods-datebook/Pods-datebook.debug.xcconfig"; sourceTree = "<group>"; };
		FDB628ABF63F41B7EACC8F12 /* Pods_datebookTests.framework */ = {isa = PBXFileReference; explicitFileType = wrapper.framework; includeInIndex = 0; path = Pods_datebookTests.framework; sourceTree = BUILT_PRODUCTS_DIR; };
/* End PBXFileReference section */

/* Begin PBXFrameworksBuildPhase section */
		04789E27262F530F00C824AC /* Frameworks */ = {
			isa = PBXFrameworksBuildPhase;
			buildActionMask = 2147483647;
			files = (
				15EF050CF1CA127B42759074 /* Pods_datebook.framework in Frameworks */,
			);
			runOnlyForDeploymentPostprocessing = 0;
		};
		04789E3D262F531000C824AC /* Frameworks */ = {
			isa = PBXFrameworksBuildPhase;
			buildActionMask = 2147483647;
			files = (
				C2797DCC7ED96129F4EA5F74 /* Pods_datebookTests.framework in Frameworks */,
			);
			runOnlyForDeploymentPostprocessing = 0;
		};
		04789E48262F531000C824AC /* Frameworks */ = {
			isa = PBXFrameworksBuildPhase;
			buildActionMask = 2147483647;
			files = (
				40A44F36A86243EE9EBEB048 /* Pods_datebook_datebookUITests.framework in Frameworks */,
			);
			runOnlyForDeploymentPostprocessing = 0;
		};
/* End PBXFrameworksBuildPhase section */

/* Begin PBXGroup section */
		04789E21262F530F00C824AC = {
			isa = PBXGroup;
			children = (
				04789E2C262F530F00C824AC /* datebook */,
				04789E43262F531000C824AC /* datebookTests */,
				04789E4E262F531000C824AC /* datebookUITests */,
				04789E2B262F530F00C824AC /* Products */,
				16E40EDEB73FC36A0B5300A4 /* Pods */,
				45A423E36454B91901D5A377 /* Frameworks */,
			);
			sourceTree = "<group>";
		};
		04789E2B262F530F00C824AC /* Products */ = {
			isa = PBXGroup;
			children = (
				04789E2A262F530F00C824AC /* datebook.app */,
				04789E40262F531000C824AC /* datebookTests.xctest */,
				04789E4B262F531000C824AC /* datebookUITests.xctest */,
			);
			name = Products;
			sourceTree = "<group>";
		};
		04789E2C262F530F00C824AC /* datebook */ = {
			isa = PBXGroup;
			children = (
				04789E2D262F530F00C824AC /* AppDelegate.swift */,
				04789E2F262F530F00C824AC /* SceneDelegate.swift */,
				04789E31262F530F00C824AC /* ViewController.swift */,
				04789E33262F530F00C824AC /* Main.storyboard */,
				04789E36262F531000C824AC /* Assets.xcassets */,
				04789E38262F531000C824AC /* LaunchScreen.storyboard */,
				04789E3B262F531000C824AC /* Info.plist */,
			);
			path = datebook;
			sourceTree = "<group>";
		};
		04789E43262F531000C824AC /* datebookTests */ = {
			isa = PBXGroup;
			children = (
				04789E44262F531000C824AC /* datebookTests.swift */,
				04789E46262F531000C824AC /* Info.plist */,
			);
			path = datebookTests;
			sourceTree = "<group>";
		};
		04789E4E262F531000C824AC /* datebookUITests */ = {
			isa = PBXGroup;
			children = (
				04789E4F262F531000C824AC /* datebookUITests.swift */,
				04789E51262F531000C824AC /* Info.plist */,
			);
			path = datebookUITests;
			sourceTree = "<group>";
		};
		16E40EDEB73FC36A0B5300A4 /* Pods */ = {
			isa = PBXGroup;
			children = (
				B67F4DB7F5D74B46E35FF189 /* Pods-datebook.debug.xcconfig */,
				6695E8460E9102718233DE41 /* Pods-datebook.release.xcconfig */,
				979C322B63836ABA92F36911 /* Pods-datebook-datebookUITests.debug.xcconfig */,
				A04F0AA976F43A0337B61F24 /* Pods-datebook-datebookUITests.release.xcconfig */,
				3B59D7E11159F79FCAC9D54B /* Pods-datebookTests.debug.xcconfig */,
				A1A227CEAA81503C7CD93909 /* Pods-datebookTests.release.xcconfig */,
			);
			name = Pods;
			path = Pods;
			sourceTree = "<group>";
		};
		45A423E36454B91901D5A377 /* Frameworks */ = {
			isa = PBXGroup;
			children = (
				4548791B283328BA4802F569 /* Pods_datebook.framework */,
				5E6C2C584AE6C7BF70E5058A /* Pods_datebook_datebookUITests.framework */,
				FDB628ABF63F41B7EACC8F12 /* Pods_datebookTests.framework */,
			);
			name = Frameworks;
			sourceTree = "<group>";
		};
/* End PBXGroup section */

/* Begin PBXNativeTarget section */
		04789E29262F530F00C824AC /* datebook */ = {
			isa = PBXNativeTarget;
			buildConfigurationList = 04789E54262F531000C824AC /* Build configuration list for PBXNativeTarget "datebook" */;
			buildPhases = (
				FF7CAC76DC79C6C12038FFB0 /* [CP] Check Pods Manifest.lock */,
				04789E26262F530F00C824AC /* Sources */,
				04789E27262F530F00C824AC /* Frameworks */,
				04789E28262F530F00C824AC /* Resources */,
			);
			buildRules = (
			);
			dependencies = (
			);
			name = datebook;
			productName = datebook;
			productReference = 04789E2A262F530F00C824AC /* datebook.app */;
			productType = "com.apple.product-type.application";
		};
		04789E3F262F531000C824AC /* datebookTests */ = {
			isa = PBXNativeTarget;
			buildConfigurationList = 04789E57262F531000C824AC /* Build configuration list for PBXNativeTarget "datebookTests" */;
			buildPhases = (
				95C5F07BDA846268B468DB5C /* [CP] Check Pods Manifest.lock */,
				04789E3C262F531000C824AC /* Sources */,
				04789E3D262F531000C824AC /* Frameworks */,
				04789E3E262F531000C824AC /* Resources */,
			);
			buildRules = (
			);
			dependencies = (
				04789E42262F531000C824AC /* PBXTargetDependency */,
			);
			name = datebookTests;
			productName = datebookTests;
			productReference = 04789E40262F531000C824AC /* datebookTests.xctest */;
			productType = "com.apple.product-type.bundle.unit-test";
		};
		04789E4A262F531000C824AC /* datebookUITests */ = {
			isa = PBXNativeTarget;
			buildConfigurationList = 04789E5A262F531000C824AC /* Build configuration list for PBXNativeTarget "datebookUITests" */;
			buildPhases = (
				10FFF8B963EAFC0EF2BAFC29 /* [CP] Check Pods Manifest.lock */,
				04789E47262F531000C824AC /* Sources */,
				04789E48262F531000C824AC /* Frameworks */,
				04789E49262F531000C824AC /* Resources */,
				41B9A72FA3350E4E56C5E6EA /* [CP] Embed Pods Frameworks */,
			);
			buildRules = (
			);
			dependencies = (
				04789E4D262F531000C824AC /* PBXTargetDependency */,
			);
			name = datebookUITests;
			productName = datebookUITests;
			productReference = 04789E4B262F531000C824AC /* datebookUITests.xctest */;
			productType = "com.apple.product-type.bundle.ui-testing";
		};
/* End PBXNativeTarget section */

/* Begin PBXProject section */
		04789E22262F530F00C824AC /* Project object */ = {
			isa = PBXProject;
			attributes = {
				LastSwiftUpdateCheck = 1200;
				LastUpgradeCheck = 1200;
				TargetAttributes = {
					04789E29262F530F00C824AC = {
						CreatedOnToolsVersion = 12.0.1;
					};
					04789E3F262F531000C824AC = {
						CreatedOnToolsVersion = 12.0.1;
						TestTargetID = 04789E29262F530F00C824AC;
					};
					04789E4A262F531000C824AC = {
						CreatedOnToolsVersion = 12.0.1;
						TestTargetID = 04789E29262F530F00C824AC;
					};
				};
			};
			buildConfigurationList = 04789E25262F530F00C824AC /* Build configuration list for PBXProject "datebook" */;
			compatibilityVersion = "Xcode 9.3";
			developmentRegion = en;
			hasScannedForEncodings = 0;
			knownRegions = (
				en,
				Base,
			);
			mainGroup = 04789E21262F530F00C824AC;
			productRefGroup = 04789E2B262F530F00C824AC /* Products */;
			projectDirPath = "";
			projectRoot = "";
			targets = (
				04789E29262F530F00C824AC /* datebook */,
				04789E3F262F531000C824AC /* datebookTests */,
				04789E4A262F531000C824AC /* datebookUITests */,
			);
		};
/* End PBXProject section */

/* Begin PBXResourcesBuildPhase section */
		04789E28262F530F00C824AC /* Resources */ = {
			isa = PBXResourcesBuildPhase;
			buildActionMask = 2147483647;
			files = (
				04789E3A262F531000C824AC /* LaunchScreen.storyboard in Resources */,
				04789E37262F531000C824AC /* Assets.xcassets in Resources */,
				04789E35262F530F00C824AC /* Main.storyboard in Resources */,
			);
			runOnlyForDeploymentPostprocessing = 0;
		};
		04789E3E262F531000C824AC /* Resources */ = {
			isa = PBXResourcesBuildPhase;
			buildActionMask = 2147483647;
			files = (
			);
			runOnlyForDeploymentPostprocessing = 0;
		};
		04789E49262F531000C824AC /* Resources */ = {
			isa = PBXResourcesBuildPhase;
			buildActionMask = 2147483647;
			files = (
			);
			runOnlyForDeploymentPostprocessing = 0;
		};
/* End PBXResourcesBuildPhase section */

/* Begin PBXShellScriptBuildPhase section */
		10FFF8B963EAFC0EF2BAFC29 /* [CP] Check Pods Manifest.lock */ = {
			isa = PBXShellScriptBuildPhase;
			buildActionMask = 2147483647;
			files = (
			);
			inputFileListPaths = (
			);
			inputPaths = (
				"${PODS_PODFILE_DIR_PATH}/Podfile.lock",
				"${PODS_ROOT}/Manifest.lock",
			);
			name = "[CP] Check Pods Manifest.lock";
			outputFileListPaths = (
			);
			outputPaths = (
				"$(DERIVED_FILE_DIR)/Pods-datebook-datebookUITests-checkManifestLockResult.txt",
			);
			runOnlyForDeploymentPostprocessing = 0;
			shellPath = /bin/sh;
			shellScript = "diff \"${PODS_PODFILE_DIR_PATH}/Podfile.lock\" \"${PODS_ROOT}/Manifest.lock\" > /dev/null\nif [ $? != 0 ] ; then\n    # print error to STDERR\n    echo \"error: The sandbox is not in sync with the Podfile.lock. Run 'pod install' or update your CocoaPods installation.\" >&2\n    exit 1\nfi\n# This output is used by Xcode 'outputs' to avoid re-running this script phase.\necho \"SUCCESS\" > \"${SCRIPT_OUTPUT_FILE_0}\"\n";
			showEnvVarsInLog = 0;
		};
		41B9A72FA3350E4E56C5E6EA /* [CP] Embed Pods Frameworks */ = {
			isa = PBXShellScriptBuildPhase;
			buildActionMask = 2147483647;
			files = (
			);
			inputFileListPaths = (
				"${PODS_ROOT}/Target Support Files/Pods-datebook-datebookUITests/Pods-datebook-datebookUITests-frameworks-${CONFIGURATION}-input-files.xcfilelist",
			);
			name = "[CP] Embed Pods Frameworks";
			outputFileListPaths = (
				"${PODS_ROOT}/Target Support Files/Pods-datebook-datebookUITests/Pods-datebook-datebookUITests-frameworks-${CONFIGURATION}-output-files.xcfilelist",
			);
			runOnlyForDeploymentPostprocessing = 0;
			shellPath = /bin/sh;
			shellScript = "\"${PODS_ROOT}/Target Support Files/Pods-datebook-datebookUITests/Pods-datebook-datebookUITests-frameworks.sh\"\n";
			showEnvVarsInLog = 0;
		};
		95C5F07BDA846268B468DB5C /* [CP] Check Pods Manifest.lock */ = {
			isa = PBXShellScriptBuildPhase;
			buildActionMask = 2147483647;
			files = (
			);
			inputFileListPaths = (
			);
			inputPaths = (
				"${PODS_PODFILE_DIR_PATH}/Podfile.lock",
				"${PODS_ROOT}/Manifest.lock",
			);
			name = "[CP] Check Pods Manifest.lock";
			outputFileListPaths = (
			);
			outputPaths = (
				"$(DERIVED_FILE_DIR)/Pods-datebookTests-checkManifestLockResult.txt",
			);
			runOnlyForDeploymentPostprocessing = 0;
			shellPath = /bin/sh;
			shellScript = "diff \"${PODS_PODFILE_DIR_PATH}/Podfile.lock\" \"${PODS_ROOT}/Manifest.lock\" > /dev/null\nif [ $? != 0 ] ; then\n    # print error to STDERR\n    echo \"error: The sandbox is not in sync with the Podfile.lock. Run 'pod install' or update your CocoaPods installation.\" >&2\n    exit 1\nfi\n# This output is used by Xcode 'outputs' to avoid re-running this script phase.\necho \"SUCCESS\" > \"${SCRIPT_OUTPUT_FILE_0}\"\n";
			showEnvVarsInLog = 0;
		};
		FF7CAC76DC79C6C12038FFB0 /* [CP] Check Pods Manifest.lock */ = {
			isa = PBXShellScriptBuildPhase;
			buildActionMask = 2147483647;
			files = (
			);
			inputFileListPaths = (
			);
			inputPaths = (
				"${PODS_PODFILE_DIR_PATH}/Podfile.lock",
				"${PODS_ROOT}/Manifest.lock",
			);
			name = "[CP] Check Pods Manifest.lock";
			outputFileListPaths = (
			);
			outputPaths = (
				"$(DERIVED_FILE_DIR)/Pods-datebook-checkManifestLockResult.txt",
			);
			runOnlyForDeploymentPostprocessing = 0;
			shellPath = /bin/sh;
			shellScript = "diff \"${PODS_PODFILE_DIR_PATH}/Podfile.lock\" \"${PODS_ROOT}/Manifest.lock\" > /dev/null\nif [ $? != 0 ] ; then\n    # print error to STDERR\n    echo \"error: The sandbox is not in sync with the Podfile.lock. Run 'pod install' or update your CocoaPods installation.\" >&2\n    exit 1\nfi\n# This output is used by Xcode 'outputs' to avoid re-running this script phase.\necho \"SUCCESS\" > \"${SCRIPT_OUTPUT_FILE_0}\"\n";
			showEnvVarsInLog = 0;
		};
/* End PBXShellScriptBuildPhase section */

/* Begin PBXSourcesBuildPhase section */
		04789E26262F530F00C824AC /* Sources */ = {
			isa = PBXSourcesBuildPhase;
			buildActionMask = 2147483647;
			files = (
				04789E32262F530F00C824AC /* ViewController.swift in Sources */,
				04789E2E262F530F00C824AC /* AppDelegate.swift in Sources */,
				04789E30262F530F00C824AC /* SceneDelegate.swift in Sources */,
			);
			runOnlyForDeploymentPostprocessing = 0;
		};
		04789E3C262F531000C824AC /* Sources */ = {
			isa = PBXSourcesBuildPhase;
			buildActionMask = 2147483647;
			files = (
				04789E45262F531000C824AC /* datebookTests.swift in Sources */,
			);
			runOnlyForDeploymentPostprocessing = 0;
		};
		04789E47262F531000C824AC /* Sources */ = {
			isa = PBXSourcesBuildPhase;
			buildActionMask = 2147483647;
			files = (
				04789E50262F531000C824AC /* datebookUITests.swift in Sources */,
			);
			runOnlyForDeploymentPostprocessing = 0;
		};
/* End PBXSourcesBuildPhase section */

/* Begin PBXTargetDependency section */
		04789E42262F531000C824AC /* PBXTargetDependency */ = {
			isa = PBXTargetDependency;
			target = 04789E29262F530F00C824AC /* datebook */;
			targetProxy = 04789E41262F531000C824AC /* PBXContainerItemProxy */;
		};
		04789E4D262F531000C824AC /* PBXTargetDependency */ = {
			isa = PBXTargetDependency;
			target = 04789E29262F530F00C824AC /* datebook */;
			targetProxy = 04789E4C262F531000C824AC /* PBXContainerItemProxy */;
		};
/* End PBXTargetDependency section */

/* Begin PBXVariantGroup section */
		04789E33262F530F00C824AC /* Main.storyboard */ = {
			isa = PBXVariantGroup;
			children = (
				04789E34262F530F00C824AC /* Base */,
			);
			name = Main.storyboard;
			sourceTree = "<group>";
		};
		04789E38262F531000C824AC /* LaunchScreen.storyboard */ = {
			isa = PBXVariantGroup;
			children = (
				04789E39262F531000C824AC /* Base */,
			);
			name = LaunchScreen.storyboard;
			sourceTree = "<group>";
		};
/* End PBXVariantGroup section */

/* Begin XCBuildConfiguration section */
		04789E52262F531000C824AC /* Debug */ = {
			isa = XCBuildConfiguration;
			buildSettings = {
				ALWAYS_SEARCH_USER_PATHS = NO;
				CLANG_ANALYZER_NONNULL = YES;
				CLANG_ANALYZER_NUMBER_OBJECT_CONVERSION = YES_AGGRESSIVE;
				CLANG_CXX_LANGUAGE_STANDARD = "gnu++14";
				CLANG_CXX_LIBRARY = "libc++";
				CLANG_ENABLE_MODULES = YES;
				CLANG_ENABLE_OBJC_ARC = YES;
				CLANG_ENABLE_OBJC_WEAK = YES;
				CLANG_WARN_BLOCK_CAPTURE_AUTORELEASING = YES;
				CLANG_WARN_BOOL_CONVERSION = YES;
				CLANG_WARN_COMMA = YES;
				CLANG_WARN_CONSTANT_CONVERSION = YES;
				CLANG_WARN_DEPRECATED_OBJC_IMPLEMENTATIONS = YES;
				CLANG_WARN_DIRECT_OBJC_ISA_USAGE = YES_ERROR;
				CLANG_WARN_DOCUMENTATION_COMMENTS = YES;
				CLANG_WARN_EMPTY_BODY = YES;
				CLANG_WARN_ENUM_CONVERSION = YES;
				CLANG_WARN_INFINITE_RECURSION = YES;
				CLANG_WARN_INT_CONVERSION = YES;
				CLANG_WARN_NON_LITERAL_NULL_CONVERSION = YES;
				CLANG_WARN_OBJC_IMPLICIT_RETAIN_SELF = YES;
				CLANG_WARN_OBJC_LITERAL_CONVERSION = YES;
				CLANG_WARN_OBJC_ROOT_CLASS = YES_ERROR;
				CLANG_WARN_QUOTED_INCLUDE_IN_FRAMEWORK_HEADER = YES;
				CLANG_WARN_RANGE_LOOP_ANALYSIS = YES;
				CLANG_WARN_STRICT_PROTOTYPES = YES;
				CLANG_WARN_SUSPICIOUS_MOVE = YES;
				CLANG_WARN_UNGUARDED_AVAILABILITY = YES_AGGRESSIVE;
				CLANG_WARN_UNREACHABLE_CODE = YES;
				CLANG_WARN__DUPLICATE_METHOD_MATCH = YES;
				COPY_PHASE_STRIP = NO;
				DEBUG_INFORMATION_FORMAT = dwarf;
				ENABLE_STRICT_OBJC_MSGSEND = YES;
				ENABLE_TESTABILITY = YES;
				GCC_C_LANGUAGE_STANDARD = gnu11;
				GCC_DYNAMIC_NO_PIC = NO;
				GCC_NO_COMMON_BLOCKS = YES;
				GCC_OPTIMIZATION_LEVEL = 0;
				GCC_PREPROCESSOR_DEFINITIONS = (
					"DEBUG=1",
					"$(inherited)",
				);
				GCC_WARN_64_TO_32_BIT_CONVERSION = YES;
				GCC_WARN_ABOUT_RETURN_TYPE = YES_ERROR;
				GCC_WARN_UNDECLARED_SELECTOR = YES;
				GCC_WARN_UNINITIALIZED_AUTOS = YES_AGGRESSIVE;
				GCC_WARN_UNUSED_FUNCTION = YES;
				GCC_WARN_UNUSED_VARIABLE = YES;
				IPHONEOS_DEPLOYMENT_TARGET = 14.0;
				MTL_ENABLE_DEBUG_INFO = INCLUDE_SOURCE;
				MTL_FAST_MATH = YES;
				ONLY_ACTIVE_ARCH = YES;
				SDKROOT = iphoneos;
				SWIFT_ACTIVE_COMPILATION_CONDITIONS = DEBUG;
				SWIFT_OPTIMIZATION_LEVEL = "-Onone";
			};
			name = Debug;
		};
		04789E53262F531000C824AC /* Release */ = {
			isa = XCBuildConfiguration;
			buildSettings = {
				ALWAYS_SEARCH_USER_PATHS = NO;
				CLANG_ANALYZER_NONNULL = YES;
				CLANG_ANALYZER_NUMBER_OBJECT_CONVERSION = YES_AGGRESSIVE;
				CLANG_CXX_LANGUAGE_STANDARD = "gnu++14";
				CLANG_CXX_LIBRARY = "libc++";
				CLANG_ENABLE_MODULES = YES;
				CLANG_ENABLE_OBJC_ARC = YES;
				CLANG_ENABLE_OBJC_WEAK = YES;
				CLANG_WARN_BLOCK_CAPTURE_AUTORELEASING = YES;
				CLANG_WARN_BOOL_CONVERSION = YES;
				CLANG_WARN_COMMA = YES;
				CLANG_WARN_CONSTANT_CONVERSION = YES;
				CLANG_WARN_DEPRECATED_OBJC_IMPLEMENTATIONS = YES;
				CLANG_WARN_DIRECT_OBJC_ISA_USAGE = YES_ERROR;
				CLANG_WARN_DOCUMENTATION_COMMENTS = YES;
				CLANG_WARN_EMPTY_BODY = YES;
				CLANG_WARN_ENUM_CONVERSION = YES;
				CLANG_WARN_INFINITE_RECURSION = YES;
				CLANG_WARN_INT_CONVERSION = YES;
				CLANG_WARN_NON_LITERAL_NULL_CONVERSION = YES;
				CLANG_WARN_OBJC_IMPLICIT_RETAIN_SELF = YES;
				CLANG_WARN_OBJC_LITERAL_CONVERSION = YES;
				CLANG_WARN_OBJC_ROOT_CLASS = YES_ERROR;
				CLANG_WARN_QUOTED_INCLUDE_IN_FRAMEWORK_HEADER = YES;
				CLANG_WARN_RANGE_LOOP_ANALYSIS = YES;
				CLANG_WARN_STRICT_PROTOTYPES = YES;
				CLANG_WARN_SUSPICIOUS_MOVE = YES;
				CLANG_WARN_UNGUARDED_AVAILABILITY = YES_AGGRESSIVE;
				CLANG_WARN_UNREACHABLE_CODE = YES;
				CLANG_WARN__DUPLICATE_METHOD_MATCH = YES;
				COPY_PHASE_STRIP = NO;
				DEBUG_INFORMATION_FORMAT = "dwarf-with-dsym";
				ENABLE_NS_ASSERTIONS = NO;
				ENABLE_STRICT_OBJC_MSGSEND = YES;
				GCC_C_LANGUAGE_STANDARD = gnu11;
				GCC_NO_COMMON_BLOCKS = YES;
				GCC_WARN_64_TO_32_BIT_CONVERSION = YES;
				GCC_WARN_ABOUT_RETURN_TYPE = YES_ERROR;
				GCC_WARN_UNDECLARED_SELECTOR = YES;
				GCC_WARN_UNINITIALIZED_AUTOS = YES_AGGRESSIVE;
				GCC_WARN_UNUSED_FUNCTION = YES;
				GCC_WARN_UNUSED_VARIABLE = YES;
				IPHONEOS_DEPLOYMENT_TARGET = 14.0;
				MTL_ENABLE_DEBUG_INFO = NO;
				MTL_FAST_MATH = YES;
				SDKROOT = iphoneos;
				SWIFT_COMPILATION_MODE = wholemodule;
				SWIFT_OPTIMIZATION_LEVEL = "-O";
				VALIDATE_PRODUCT = YES;
			};
			name = Release;
		};
		04789E55262F531000C824AC /* Debug */ = {
			isa = XCBuildConfiguration;
			baseConfigurationReference = B67F4DB7F5D74B46E35FF189 /* Pods-datebook.debug.xcconfig */;
			buildSettings = {
				ASSETCATALOG_COMPILER_APPICON_NAME = AppIcon;
				ASSETCATALOG_COMPILER_GLOBAL_ACCENT_COLOR_NAME = AccentColor;
				CODE_SIGN_STYLE = Automatic;
				INFOPLIST_FILE = datebook/Info.plist;
				LD_RUNPATH_SEARCH_PATHS = (
					"$(inherited)",
					"@executable_path/Frameworks",
				);
				PRODUCT_BUNDLE_IDENTIFIER = com.pasha.datebook;
				PRODUCT_NAME = "$(TARGET_NAME)";
				SWIFT_VERSION = 5.0;
				TARGETED_DEVICE_FAMILY = "1,2";
			};
			name = Debug;
		};
		04789E56262F531000C824AC /* Release */ = {
			isa = XCBuildConfiguration;
			baseConfigurationReference = 6695E8460E9102718233DE41 /* Pods-datebook.release.xcconfig */;
			buildSettings = {
				ASSETCATALOG_COMPILER_APPICON_NAME = AppIcon;
				ASSETCATALOG_COMPILER_GLOBAL_ACCENT_COLOR_NAME = AccentColor;
				CODE_SIGN_STYLE = Automatic;
				INFOPLIST_FILE = datebook/Info.plist;
				LD_RUNPATH_SEARCH_PATHS = (
					"$(inherited)",
					"@executable_path/Frameworks",
				);
				PRODUCT_BUNDLE_IDENTIFIER = com.pasha.datebook;
				PRODUCT_NAME = "$(TARGET_NAME)";
				SWIFT_VERSION = 5.0;
				TARGETED_DEVICE_FAMILY = "1,2";
			};
			name = Release;
		};
		04789E58262F531000C824AC /* Debug */ = {
			isa = XCBuildConfiguration;
			baseConfigurationReference = 3B59D7E11159F79FCAC9D54B /* Pods-datebookTests.debug.xcconfig */;
			buildSettings = {
				ALWAYS_EMBED_SWIFT_STANDARD_LIBRARIES = YES;
				BUNDLE_LOADER = "$(TEST_HOST)";
				CODE_SIGN_STYLE = Automatic;
				INFOPLIST_FILE = datebookTests/Info.plist;
				IPHONEOS_DEPLOYMENT_TARGET = 14.0;
				LD_RUNPATH_SEARCH_PATHS = (
					"$(inherited)",
					"@executable_path/Frameworks",
					"@loader_path/Frameworks",
				);
				PRODUCT_BUNDLE_IDENTIFIER = com.pasha.datebookTests;
				PRODUCT_NAME = "$(TARGET_NAME)";
				SWIFT_VERSION = 5.0;
				TARGETED_DEVICE_FAMILY = "1,2";
				TEST_HOST = "$(BUILT_PRODUCTS_DIR)/datebook.app/datebook";
			};
			name = Debug;
		};
		04789E59262F531000C824AC /* Release */ = {
			isa = XCBuildConfiguration;
			baseConfigurationReference = A1A227CEAA81503C7CD93909 /* Pods-datebookTests.release.xcconfig */;
			buildSettings = {
				ALWAYS_EMBED_SWIFT_STANDARD_LIBRARIES = YES;
				BUNDLE_LOADER = "$(TEST_HOST)";
				CODE_SIGN_STYLE = Automatic;
				INFOPLIST_FILE = datebookTests/Info.plist;
				IPHONEOS_DEPLOYMENT_TARGET = 14.0;
				LD_RUNPATH_SEARCH_PATHS = (
					"$(inherited)",
					"@executable_path/Frameworks",
					"@loader_path/Frameworks",
				);
				PRODUCT_BUNDLE_IDENTIFIER = com.pasha.datebookTests;
				PRODUCT_NAME = "$(TARGET_NAME)";
				SWIFT_VERSION = 5.0;
				TARGETED_DEVICE_FAMILY = "1,2";
				TEST_HOST = "$(BUILT_PRODUCTS_DIR)/datebook.app/datebook";
			};
			name = Release;
		};
		04789E5B262F531000C824AC /* Debug */ = {
			isa = XCBuildConfiguration;
			baseConfigurationReference = 979C322B63836ABA92F36911 /* Pods-datebook-datebookUITests.debug.xcconfig */;
			buildSettings = {
				ALWAYS_EMBED_SWIFT_STANDARD_LIBRARIES = YES;
				CODE_SIGN_STYLE = Automatic;
				INFOPLIST_FILE = datebookUITests/Info.plist;
				LD_RUNPATH_SEARCH_PATHS = (
					"$(inherited)",
					"@executable_path/Frameworks",
					"@loader_path/Frameworks",
				);
				PRODUCT_BUNDLE_IDENTIFIER = com.pasha.datebookUITests;
				PRODUCT_NAME = "$(TARGET_NAME)";
				SWIFT_VERSION = 5.0;
				TARGETED_DEVICE_FAMILY = "1,2";
				TEST_TARGET_NAME = datebook;
			};
			name = Debug;
		};
		04789E5C262F531000C824AC /* Release */ = {
			isa = XCBuildConfiguration;
			baseConfigurationReference = A04F0AA976F43A0337B61F24 /* Pods-datebook-datebookUITests.release.xcconfig */;
			buildSettings = {
				ALWAYS_EMBED_SWIFT_STANDARD_LIBRARIES = YES;
				CODE_SIGN_STYLE = Automatic;
				INFOPLIST_FILE = datebookUITests/Info.plist;
				LD_RUNPATH_SEARCH_PATHS = (
					"$(inherited)",
					"@executable_path/Frameworks",
					"@loader_path/Frameworks",
				);
				PRODUCT_BUNDLE_IDENTIFIER = com.pasha.datebookUITests;
				PRODUCT_NAME = "$(TARGET_NAME)";
				SWIFT_VERSION = 5.0;
				TARGETED_DEVICE_FAMILY = "1,2";
				TEST_TARGET_NAME = datebook;
			};
			name = Release;
		};
/* End XCBuildConfiguration section */

/* Begin XCConfigurationList section */
		04789E25262F530F00C824AC /* Build configuration list for PBXProject "datebook" */ = {
			isa = XCConfigurationList;
			buildConfigurations = (
				04789E52262F531000C824AC /* Debug */,
				04789E53262F531000C824AC /* Release */,
			);
			defaultConfigurationIsVisible = 0;
			defaultConfigurationName = Release;
		};
		04789E54262F531000C824AC /* Build configuration list for PBXNativeTarget "datebook" */ = {
			isa = XCConfigurationList;
			buildConfigurations = (
				04789E55262F531000C824AC /* Debug */,
				04789E56262F531000C824AC /* Release */,
			);
			defaultConfigurationIsVisible = 0;
			defaultConfigurationName = Release;
		};
		04789E57262F531000C824AC /* Build configuration list for PBXNativeTarget "datebookTests" */ = {
			isa = XCConfigurationList;
			buildConfigurations = (
				04789E58262F531000C824AC /* Debug */,
				04789E59262F531000C824AC /* Release */,
			);
			defaultConfigurationIsVisible = 0;
			defaultConfigurationName = Release;
		};
		04789E5A262F531000C824AC /* Build configuration list for PBXNativeTarget "datebookUITests" */ = {
			isa = XCConfigurationList;
			buildConfigurations = (
				04789E5B262F531000C824AC /* Debug */,
				04789E5C262F531000C824AC /* Release */,
			);
			defaultConfigurationIsVisible = 0;
			defaultConfigurationName = Release;
		};
/* End XCConfigurationList section */
	};
	rootObject = 04789E22262F530F00C824AC /* Project object */;
}
