// !$*UTF8*$!
{
	archiveVersion = 1;
	classes = {
	};
	objectVersion = 51;
	objects = {

/* Begin PBXBuildFile section */
		04400D102695ADDC00342FF5 /* ConvertString.swift in Sources */ = {isa = PBXBuildFile; fileRef = 04400D0F2695ADDC00342FF5 /* ConvertString.swift */; };
		04400D1826961E5600342FF5 /* EventCreationRouter.swift in Sources */ = {isa = PBXBuildFile; fileRef = 04400D1726961E5500342FF5 /* EventCreationRouter.swift */; };
		04400D3026A6E4A100342FF5 /* EventCreationTableViewCell.swift in Sources */ = {isa = PBXBuildFile; fileRef = 04400D2E26A6E4A100342FF5 /* EventCreationTableViewCell.swift */; };
		04400D3126A6E4A100342FF5 /* EventCreationTableViewCell.xib in Resources */ = {isa = PBXBuildFile; fileRef = 04400D2F26A6E4A100342FF5 /* EventCreationTableViewCell.xib */; };
		04400D3B26A8320900342FF5 /* UIStackView.swift in Sources */ = {isa = PBXBuildFile; fileRef = 04400D3A26A8320800342FF5 /* UIStackView.swift */; };
		04400D4026A8359900342FF5 /* UILabel.swift in Sources */ = {isa = PBXBuildFile; fileRef = 04400D3F26A8359900342FF5 /* UILabel.swift */; };
		04400D4E26A83E4B00342FF5 /* DateTableViewCell.swift in Sources */ = {isa = PBXBuildFile; fileRef = 04400D4C26A83E4B00342FF5 /* DateTableViewCell.swift */; };
		04400D4F26A83E4B00342FF5 /* DateTableViewCell.xib in Resources */ = {isa = PBXBuildFile; fileRef = 04400D4D26A83E4B00342FF5 /* DateTableViewCell.xib */; };
		04400D5826A83F1700342FF5 /* DatePickerTableViewCell.swift in Sources */ = {isa = PBXBuildFile; fileRef = 04400D5626A83F1700342FF5 /* DatePickerTableViewCell.swift */; };
		04400D5926A83F1700342FF5 /* DatePickerTableViewCell.xib in Resources */ = {isa = PBXBuildFile; fileRef = 04400D5726A83F1700342FF5 /* DatePickerTableViewCell.xib */; };
		04501124266E4C7F00E8147D /* EventCreationViewController.swift in Sources */ = {isa = PBXBuildFile; fileRef = 04501123266E4C7F00E8147D /* EventCreationViewController.swift */; };
		045011432670D35100E8147D /* EventCreationPresenter.swift in Sources */ = {isa = PBXBuildFile; fileRef = 045011422670D35100E8147D /* EventCreationPresenter.swift */; };
		0450114C2670D4FB00E8147D /* EventCreationModuleBuilder.swift in Sources */ = {isa = PBXBuildFile; fileRef = 0450114B2670D4FB00E8147D /* EventCreationModuleBuilder.swift */; };
		0450116C2670DA3200E8147D /* EventListRouter.swift in Sources */ = {isa = PBXBuildFile; fileRef = 0450116B2670DA3200E8147D /* EventListRouter.swift */; };
		0465B3F126340B4F00C72A03 /* events.json in Resources */ = {isa = PBXBuildFile; fileRef = 0465B3F026340B4F00C72A03 /* events.json */; };
		0465B41C26340F1900C72A03 /* RealmService.swift in Sources */ = {isa = PBXBuildFile; fileRef = 0465B41B26340F1900C72A03 /* RealmService.swift */; };
		0465B43426345E3600C72A03 /* EventListPresenter.swift in Sources */ = {isa = PBXBuildFile; fileRef = 0465B43326345E3600C72A03 /* EventListPresenter.swift */; };
		04789E7E26308C5A00C824AC /* AppDelegate.swift in Sources */ = {isa = PBXBuildFile; fileRef = 04789E7D26308C5A00C824AC /* AppDelegate.swift */; };
		04789E8026308C5A00C824AC /* SceneDelegate.swift in Sources */ = {isa = PBXBuildFile; fileRef = 04789E7F26308C5A00C824AC /* SceneDelegate.swift */; };
		04789E8226308C5A00C824AC /* CalendarViewController.swift in Sources */ = {isa = PBXBuildFile; fileRef = 04789E8126308C5A00C824AC /* CalendarViewController.swift */; };
		04789E8526308C5A00C824AC /* Main.storyboard in Resources */ = {isa = PBXBuildFile; fileRef = 04789E8326308C5A00C824AC /* Main.storyboard */; };
		04789E8726308C5C00C824AC /* Assets.xcassets in Resources */ = {isa = PBXBuildFile; fileRef = 04789E8626308C5C00C824AC /* Assets.xcassets */; };
		04789E8A26308C5C00C824AC /* LaunchScreen.storyboard in Resources */ = {isa = PBXBuildFile; fileRef = 04789E8826308C5C00C824AC /* LaunchScreen.storyboard */; };
		04789E9526308C5C00C824AC /* dateBookTests.swift in Sources */ = {isa = PBXBuildFile; fileRef = 04789E9426308C5C00C824AC /* dateBookTests.swift */; };
		04789EA026308C5C00C824AC /* dateBookUITests.swift in Sources */ = {isa = PBXBuildFile; fileRef = 04789E9F26308C5C00C824AC /* dateBookUITests.swift */; };
		04789EC026309D9100C824AC /* EventModel.swift in Sources */ = {isa = PBXBuildFile; fileRef = 04789EBF26309D9100C824AC /* EventModel.swift */; };
		04B6E8B92635DCE7005BAE8A /* EventListBuilder.swift in Sources */ = {isa = PBXBuildFile; fileRef = 04B6E8B82635DCE7005BAE8A /* EventListBuilder.swift */; };
		04D8EC8C2638807E000DB051 /* ConvertDate.swift in Sources */ = {isa = PBXBuildFile; fileRef = 04D8EC8B2638807E000DB051 /* ConvertDate.swift */; };
		04D8EC9F263C54D3000DB051 /* ListOfEventsTableViewCell.swift in Sources */ = {isa = PBXBuildFile; fileRef = 04D8EC9D263C54D3000DB051 /* ListOfEventsTableViewCell.swift */; };
		04D8ECA0263C54D3000DB051 /* ListOfEventsTableViewCell.xib in Resources */ = {isa = PBXBuildFile; fileRef = 04D8EC9E263C54D3000DB051 /* ListOfEventsTableViewCell.xib */; };
		45929BE137AC0A452EFE65D0 /* Pods_dateBook_dateBookUITests.framework in Frameworks */ = {isa = PBXBuildFile; fileRef = 51824AE6CAD60AED7F706B34 /* Pods_dateBook_dateBookUITests.framework */; };
		C8D089AB013AF5DF26E9DB38 /* Pods_dateBook.framework in Frameworks */ = {isa = PBXBuildFile; fileRef = 1DB9968BC88BF936171568C2 /* Pods_dateBook.framework */; };
		E4BBE16EBEC5F60029AE79C9 /* Pods_dateBookTests.framework in Frameworks */ = {isa = PBXBuildFile; fileRef = 7D46E3288979C384BAE43C5B /* Pods_dateBookTests.framework */; };
/* End PBXBuildFile section */

/* Begin PBXContainerItemProxy section */
		04789E9126308C5C00C824AC /* PBXContainerItemProxy */ = {
			isa = PBXContainerItemProxy;
			containerPortal = 04789E7226308C5A00C824AC /* Project object */;
			proxyType = 1;
			remoteGlobalIDString = 04789E7926308C5A00C824AC;
			remoteInfo = dateBook;
		};
		04789E9C26308C5C00C824AC /* PBXContainerItemProxy */ = {
			isa = PBXContainerItemProxy;
			containerPortal = 04789E7226308C5A00C824AC /* Project object */;
			proxyType = 1;
			remoteGlobalIDString = 04789E7926308C5A00C824AC;
			remoteInfo = dateBook;
		};
/* End PBXContainerItemProxy section */

/* Begin PBXFileReference section */
		04400D0F2695ADDC00342FF5 /* ConvertString.swift */ = {isa = PBXFileReference; lastKnownFileType = sourcecode.swift; name = ConvertString.swift; path = datebook/EventListModule/Extensions/ConvertString.swift; sourceTree = SOURCE_ROOT; };
		04400D1726961E5500342FF5 /* EventCreationRouter.swift */ = {isa = PBXFileReference; lastKnownFileType = sourcecode.swift; name = EventCreationRouter.swift; path = datebook/EventCreationModule/Router/EventCreationRouter.swift; sourceTree = SOURCE_ROOT; };
		04400D2E26A6E4A100342FF5 /* EventCreationTableViewCell.swift */ = {isa = PBXFileReference; lastKnownFileType = sourcecode.swift; name = EventCreationTableViewCell.swift; path = datebook/EventCreationModule/Cell/EventCreationTableViewCell.swift; sourceTree = SOURCE_ROOT; };
		04400D2F26A6E4A100342FF5 /* EventCreationTableViewCell.xib */ = {isa = PBXFileReference; lastKnownFileType = file.xib; name = EventCreationTableViewCell.xib; path = datebook/EventCreationModule/Cell/EventCreationTableViewCell.xib; sourceTree = SOURCE_ROOT; };
		04400D3A26A8320800342FF5 /* UIStackView.swift */ = {isa = PBXFileReference; lastKnownFileType = sourcecode.swift; name = UIStackView.swift; path = datebook/EventListModule/Extensions/UIKit/UIStackView.swift; sourceTree = SOURCE_ROOT; };
		04400D3F26A8359900342FF5 /* UILabel.swift */ = {isa = PBXFileReference; lastKnownFileType = sourcecode.swift; name = UILabel.swift; path = datebook/EventListModule/Extensions/UIKit/UILabel.swift; sourceTree = SOURCE_ROOT; };
		04400D4C26A83E4B00342FF5 /* DateTableViewCell.swift */ = {isa = PBXFileReference; lastKnownFileType = sourcecode.swift; name = DateTableViewCell.swift; path = datebook/EventCreationModule/Cell/DateTableViewCell.swift; sourceTree = SOURCE_ROOT; };
		04400D4D26A83E4B00342FF5 /* DateTableViewCell.xib */ = {isa = PBXFileReference; lastKnownFileType = file.xib; name = DateTableViewCell.xib; path = datebook/EventCreationModule/Cell/DateTableViewCell.xib; sourceTree = SOURCE_ROOT; };
		04400D5626A83F1700342FF5 /* DatePickerTableViewCell.swift */ = {isa = PBXFileReference; lastKnownFileType = sourcecode.swift; name = DatePickerTableViewCell.swift; path = datebook/EventCreationModule/Cell/DatePickerTableViewCell.swift; sourceTree = SOURCE_ROOT; };
		04400D5726A83F1700342FF5 /* DatePickerTableViewCell.xib */ = {isa = PBXFileReference; lastKnownFileType = file.xib; name = DatePickerTableViewCell.xib; path = datebook/EventCreationModule/Cell/DatePickerTableViewCell.xib; sourceTree = SOURCE_ROOT; };
		04501123266E4C7F00E8147D /* EventCreationViewController.swift */ = {isa = PBXFileReference; lastKnownFileType = sourcecode.swift; name = EventCreationViewController.swift; path = datebook/EventCreationModule/View/EventCreationViewController.swift; sourceTree = SOURCE_ROOT; };
		045011422670D35100E8147D /* EventCreationPresenter.swift */ = {isa = PBXFileReference; lastKnownFileType = sourcecode.swift; name = EventCreationPresenter.swift; path = datebook/EventCreationModule/Presenter/EventCreationPresenter.swift; sourceTree = SOURCE_ROOT; };
		0450114B2670D4FB00E8147D /* EventCreationModuleBuilder.swift */ = {isa = PBXFileReference; lastKnownFileType = sourcecode.swift; name = EventCreationModuleBuilder.swift; path = datebook/EventCreationModule/Builder/EventCreationModuleBuilder.swift; sourceTree = SOURCE_ROOT; };
		0450116B2670DA3200E8147D /* EventListRouter.swift */ = {isa = PBXFileReference; lastKnownFileType = sourcecode.swift; name = EventListRouter.swift; path = datebook/EventListModule/Router/EventListRouter.swift; sourceTree = SOURCE_ROOT; };
		0465B3F026340B4F00C72A03 /* events.json */ = {isa = PBXFileReference; fileEncoding = 4; lastKnownFileType = text.json; name = events.json; path = dateBook/EventListModule/events.json; sourceTree = SOURCE_ROOT; };
		0465B41B26340F1900C72A03 /* RealmService.swift */ = {isa = PBXFileReference; lastKnownFileType = sourcecode.swift; name = RealmService.swift; path = datebook/ServiceLayer/RealmService.swift; sourceTree = SOURCE_ROOT; };
		0465B43326345E3600C72A03 /* EventListPresenter.swift */ = {isa = PBXFileReference; lastKnownFileType = sourcecode.swift; name = EventListPresenter.swift; path = datebook/EventListModule/Presenter/EventListPresenter.swift; sourceTree = SOURCE_ROOT; };
		04789E7A26308C5A00C824AC /* dateBook.app */ = {isa = PBXFileReference; explicitFileType = wrapper.application; includeInIndex = 0; path = dateBook.app; sourceTree = BUILT_PRODUCTS_DIR; };
		04789E7D26308C5A00C824AC /* AppDelegate.swift */ = {isa = PBXFileReference; lastKnownFileType = sourcecode.swift; path = AppDelegate.swift; sourceTree = "<group>"; };
		04789E7F26308C5A00C824AC /* SceneDelegate.swift */ = {isa = PBXFileReference; lastKnownFileType = sourcecode.swift; path = SceneDelegate.swift; sourceTree = "<group>"; };
		04789E8126308C5A00C824AC /* CalendarViewController.swift */ = {isa = PBXFileReference; lastKnownFileType = sourcecode.swift; path = CalendarViewController.swift; sourceTree = "<group>"; };
		04789E8426308C5A00C824AC /* Base */ = {isa = PBXFileReference; lastKnownFileType = file.storyboard; name = Base; path = Base.lproj/Main.storyboard; sourceTree = "<group>"; };
		04789E8626308C5C00C824AC /* Assets.xcassets */ = {isa = PBXFileReference; lastKnownFileType = folder.assetcatalog; path = Assets.xcassets; sourceTree = "<group>"; };
		04789E8926308C5C00C824AC /* Base */ = {isa = PBXFileReference; lastKnownFileType = file.storyboard; name = Base; path = Base.lproj/LaunchScreen.storyboard; sourceTree = "<group>"; };
		04789E8B26308C5C00C824AC /* Info.plist */ = {isa = PBXFileReference; lastKnownFileType = text.plist.xml; path = Info.plist; sourceTree = "<group>"; };
		04789E9026308C5C00C824AC /* dateBookTests.xctest */ = {isa = PBXFileReference; explicitFileType = wrapper.cfbundle; includeInIndex = 0; path = dateBookTests.xctest; sourceTree = BUILT_PRODUCTS_DIR; };
		04789E9426308C5C00C824AC /* dateBookTests.swift */ = {isa = PBXFileReference; lastKnownFileType = sourcecode.swift; path = dateBookTests.swift; sourceTree = "<group>"; };
		04789E9626308C5C00C824AC /* Info.plist */ = {isa = PBXFileReference; lastKnownFileType = text.plist.xml; path = Info.plist; sourceTree = "<group>"; };
		04789E9B26308C5C00C824AC /* dateBookUITests.xctest */ = {isa = PBXFileReference; explicitFileType = wrapper.cfbundle; includeInIndex = 0; path = dateBookUITests.xctest; sourceTree = BUILT_PRODUCTS_DIR; };
		04789E9F26308C5C00C824AC /* dateBookUITests.swift */ = {isa = PBXFileReference; lastKnownFileType = sourcecode.swift; path = dateBookUITests.swift; sourceTree = "<group>"; };
		04789EA126308C5C00C824AC /* Info.plist */ = {isa = PBXFileReference; lastKnownFileType = text.plist.xml; path = Info.plist; sourceTree = "<group>"; };
		04789EBF26309D9100C824AC /* EventModel.swift */ = {isa = PBXFileReference; lastKnownFileType = sourcecode.swift; path = EventModel.swift; sourceTree = "<group>"; };
		04B6E8B82635DCE7005BAE8A /* EventListBuilder.swift */ = {isa = PBXFileReference; lastKnownFileType = sourcecode.swift; name = EventListBuilder.swift; path = datebook/EventListModule/Builder/EventListBuilder.swift; sourceTree = SOURCE_ROOT; };
		04D8EC8B2638807E000DB051 /* ConvertDate.swift */ = {isa = PBXFileReference; lastKnownFileType = sourcecode.swift; name = ConvertDate.swift; path = datebook/EventListModule/Extensions/ConvertDate.swift; sourceTree = SOURCE_ROOT; };
		04D8EC9D263C54D3000DB051 /* ListOfEventsTableViewCell.swift */ = {isa = PBXFileReference; lastKnownFileType = sourcecode.swift; name = ListOfEventsTableViewCell.swift; path = datebook/EventListModule/View/Cell/ListOfEventsTableViewCell.swift; sourceTree = SOURCE_ROOT; };
		04D8EC9E263C54D3000DB051 /* ListOfEventsTableViewCell.xib */ = {isa = PBXFileReference; lastKnownFileType = file.xib; name = ListOfEventsTableViewCell.xib; path = datebook/EventListModule/View/Cell/ListOfEventsTableViewCell.xib; sourceTree = SOURCE_ROOT; };
		1C8B3B8C6F602055D2ACB417 /* Pods-dateBook.release.xcconfig */ = {isa = PBXFileReference; includeInIndex = 1; lastKnownFileType = text.xcconfig; name = "Pods-dateBook.release.xcconfig"; path = "Target Support Files/Pods-dateBook/Pods-dateBook.release.xcconfig"; sourceTree = "<group>"; };
		1DB9968BC88BF936171568C2 /* Pods_dateBook.framework */ = {isa = PBXFileReference; explicitFileType = wrapper.framework; includeInIndex = 0; path = Pods_dateBook.framework; sourceTree = BUILT_PRODUCTS_DIR; };
		30995F874FA855DBECFD2BC9 /* Pods-dateBook-dateBookUITests.debug.xcconfig */ = {isa = PBXFileReference; includeInIndex = 1; lastKnownFileType = text.xcconfig; name = "Pods-dateBook-dateBookUITests.debug.xcconfig"; path = "Target Support Files/Pods-dateBook-dateBookUITests/Pods-dateBook-dateBookUITests.debug.xcconfig"; sourceTree = "<group>"; };
		49BDA08ABBBD3A95989B1ECA /* Pods-dateBookTests.release.xcconfig */ = {isa = PBXFileReference; includeInIndex = 1; lastKnownFileType = text.xcconfig; name = "Pods-dateBookTests.release.xcconfig"; path = "Target Support Files/Pods-dateBookTests/Pods-dateBookTests.release.xcconfig"; sourceTree = "<group>"; };
		51824AE6CAD60AED7F706B34 /* Pods_dateBook_dateBookUITests.framework */ = {isa = PBXFileReference; explicitFileType = wrapper.framework; includeInIndex = 0; path = Pods_dateBook_dateBookUITests.framework; sourceTree = BUILT_PRODUCTS_DIR; };
		6722D4F07BFDCC57C3F72A80 /* Pods-dateBook-dateBookUITests.release.xcconfig */ = {isa = PBXFileReference; includeInIndex = 1; lastKnownFileType = text.xcconfig; name = "Pods-dateBook-dateBookUITests.release.xcconfig"; path = "Target Support Files/Pods-dateBook-dateBookUITests/Pods-dateBook-dateBookUITests.release.xcconfig"; sourceTree = "<group>"; };
		7B53EB31C15360939D68A3D1 /* Pods-dateBookTests.debug.xcconfig */ = {isa = PBXFileReference; includeInIndex = 1; lastKnownFileType = text.xcconfig; name = "Pods-dateBookTests.debug.xcconfig"; path = "Target Support Files/Pods-dateBookTests/Pods-dateBookTests.debug.xcconfig"; sourceTree = "<group>"; };
		7D46E3288979C384BAE43C5B /* Pods_dateBookTests.framework */ = {isa = PBXFileReference; explicitFileType = wrapper.framework; includeInIndex = 0; path = Pods_dateBookTests.framework; sourceTree = BUILT_PRODUCTS_DIR; };
		8115430AAC9FB07955DB0000 /* Pods-dateBook.debug.xcconfig */ = {isa = PBXFileReference; includeInIndex = 1; lastKnownFileType = text.xcconfig; name = "Pods-dateBook.debug.xcconfig"; path = "Target Support Files/Pods-dateBook/Pods-dateBook.debug.xcconfig"; sourceTree = "<group>"; };
/* End PBXFileReference section */

/* Begin PBXFrameworksBuildPhase section */
		04789E7726308C5A00C824AC /* Frameworks */ = {
			isa = PBXFrameworksBuildPhase;
			buildActionMask = 2147483647;
			files = (
				C8D089AB013AF5DF26E9DB38 /* Pods_dateBook.framework in Frameworks */,
			);
			runOnlyForDeploymentPostprocessing = 0;
		};
		04789E8D26308C5C00C824AC /* Frameworks */ = {
			isa = PBXFrameworksBuildPhase;
			buildActionMask = 2147483647;
			files = (
				E4BBE16EBEC5F60029AE79C9 /* Pods_dateBookTests.framework in Frameworks */,
			);
			runOnlyForDeploymentPostprocessing = 0;
		};
		04789E9826308C5C00C824AC /* Frameworks */ = {
			isa = PBXFrameworksBuildPhase;
			buildActionMask = 2147483647;
			files = (
				45929BE137AC0A452EFE65D0 /* Pods_dateBook_dateBookUITests.framework in Frameworks */,
			);
			runOnlyForDeploymentPostprocessing = 0;
		};
/* End PBXFrameworksBuildPhase section */

/* Begin PBXGroup section */
		04400D1C26961E5B00342FF5 /* Router */ = {
			isa = PBXGroup;
			children = (
				04400D1726961E5500342FF5 /* EventCreationRouter.swift */,
			);
			path = Router;
			sourceTree = "<group>";
		};
		04400D3526A6E4AE00342FF5 /* Cell */ = {
			isa = PBXGroup;
			children = (
				04400D2E26A6E4A100342FF5 /* EventCreationTableViewCell.swift */,
				04400D2F26A6E4A100342FF5 /* EventCreationTableViewCell.xib */,
				04400D4C26A83E4B00342FF5 /* DateTableViewCell.swift */,
				04400D4D26A83E4B00342FF5 /* DateTableViewCell.xib */,
				04400D5626A83F1700342FF5 /* DatePickerTableViewCell.swift */,
				04400D5726A83F1700342FF5 /* DatePickerTableViewCell.xib */,
			);
			path = Cell;
			sourceTree = "<group>";
		};
		04400D3926A831E500342FF5 /* UIKit */ = {
			isa = PBXGroup;
			children = (
				04400D3A26A8320800342FF5 /* UIStackView.swift */,
				04400D3F26A8359900342FF5 /* UILabel.swift */,
			);
			path = UIKit;
			sourceTree = "<group>";
		};
		04501128266E4C8700E8147D /* EventCreationModule */ = {
			isa = PBXGroup;
			children = (
				0450113B2670CFC600E8147D /* View */,
				045011472670D35800E8147D /* Presenter */,
				045011502670D50800E8147D /* Builder */,
				04400D1C26961E5B00342FF5 /* Router */,
				04400D3526A6E4AE00342FF5 /* Cell */,
			);
			path = EventCreationModule;
			sourceTree = "<group>";
		};
		0450113B2670CFC600E8147D /* View */ = {
			isa = PBXGroup;
			children = (
				04501123266E4C7F00E8147D /* EventCreationViewController.swift */,
			);
			path = View;
			sourceTree = "<group>";
		};
		045011472670D35800E8147D /* Presenter */ = {
			isa = PBXGroup;
			children = (
				045011422670D35100E8147D /* EventCreationPresenter.swift */,
			);
			path = Presenter;
			sourceTree = "<group>";
		};
		045011502670D50800E8147D /* Builder */ = {
			isa = PBXGroup;
			children = (
				0450114B2670D4FB00E8147D /* EventCreationModuleBuilder.swift */,
			);
			path = Builder;
			sourceTree = "<group>";
		};
		045011702670DA3600E8147D /* Router */ = {
			isa = PBXGroup;
			children = (
				0450116B2670DA3200E8147D /* EventListRouter.swift */,
			);
			path = Router;
			sourceTree = "<group>";
		};
		04789E7126308C5A00C824AC = {
			isa = PBXGroup;
			children = (
				04789E7C26308C5A00C824AC /* dateBook */,
				04789E9326308C5C00C824AC /* dateBookTests */,
				04789E9E26308C5C00C824AC /* dateBookUITests */,
				04789E7B26308C5A00C824AC /* Products */,
				77554A6D4B1747ABE5A7BB9A /* Pods */,
				93ED4B82410C288673E70ACE /* Frameworks */,
			);
			sourceTree = "<group>";
		};
		04789E7B26308C5A00C824AC /* Products */ = {
			isa = PBXGroup;
			children = (
				04789E7A26308C5A00C824AC /* dateBook.app */,
				04789E9026308C5C00C824AC /* dateBookTests.xctest */,
				04789E9B26308C5C00C824AC /* dateBookUITests.xctest */,
			);
			name = Products;
			sourceTree = "<group>";
		};
		04789E7C26308C5A00C824AC /* dateBook */ = {
			isa = PBXGroup;
			children = (
				04789E7D26308C5A00C824AC /* AppDelegate.swift */,
				04789E7F26308C5A00C824AC /* SceneDelegate.swift */,
				04789EBB26309D6100C824AC /* EventListModule */,
				04501128266E4C8700E8147D /* EventCreationModule */,
				04B6E894263577F6005BAE8A /* ServiceLayer */,
				04789E8326308C5A00C824AC /* Main.storyboard */,
				04789E8626308C5C00C824AC /* Assets.xcassets */,
				04789E8826308C5C00C824AC /* LaunchScreen.storyboard */,
				04789E8B26308C5C00C824AC /* Info.plist */,
			);
			path = dateBook;
			sourceTree = "<group>";
		};
		04789E9326308C5C00C824AC /* dateBookTests */ = {
			isa = PBXGroup;
			children = (
				04789E9426308C5C00C824AC /* dateBookTests.swift */,
				04789E9626308C5C00C824AC /* Info.plist */,
			);
			path = dateBookTests;
			sourceTree = "<group>";
		};
		04789E9E26308C5C00C824AC /* dateBookUITests */ = {
			isa = PBXGroup;
			children = (
				04789E9F26308C5C00C824AC /* dateBookUITests.swift */,
				04789EA126308C5C00C824AC /* Info.plist */,
			);
			path = dateBookUITests;
			sourceTree = "<group>";
		};
		04789EBB26309D6100C824AC /* EventListModule */ = {
			isa = PBXGroup;
			children = (
				0465B3F026340B4F00C72A03 /* events.json */,
				04B6E8AF2635DBFB005BAE8A /* View */,
				04B6E8B02635DC05005BAE8A /* Model */,
				04B6E8B12635DC0E005BAE8A /* Presenter */,
				04B6E8BD2635DCEF005BAE8A /* Builder */,
				04D8EC9026388084000DB051 /* Extensions */,
				045011702670DA3600E8147D /* Router */,
			);
			path = EventListModule;
			sourceTree = "<group>";
		};
		04B6E894263577F6005BAE8A /* ServiceLayer */ = {
			isa = PBXGroup;
			children = (
				0465B41B26340F1900C72A03 /* RealmService.swift */,
			);
			path = ServiceLayer;
			sourceTree = "<group>";
		};
		04B6E89F26357B7E005BAE8A /* Cell */ = {
			isa = PBXGroup;
			children = (
				04D8EC9D263C54D3000DB051 /* ListOfEventsTableViewCell.swift */,
				04D8EC9E263C54D3000DB051 /* ListOfEventsTableViewCell.xib */,
			);
			path = Cell;
			sourceTree = "<group>";
		};
		04B6E8AF2635DBFB005BAE8A /* View */ = {
			isa = PBXGroup;
			children = (
				04B6E89F26357B7E005BAE8A /* Cell */,
				04789E8126308C5A00C824AC /* CalendarViewController.swift */,
			);
			path = View;
			sourceTree = "<group>";
		};
		04B6E8B02635DC05005BAE8A /* Model */ = {
			isa = PBXGroup;
			children = (
				04789EBF26309D9100C824AC /* EventModel.swift */,
			);
			path = Model;
			sourceTree = "<group>";
		};
		04B6E8B12635DC0E005BAE8A /* Presenter */ = {
			isa = PBXGroup;
			children = (
				0465B43326345E3600C72A03 /* EventListPresenter.swift */,
			);
			path = Presenter;
			sourceTree = "<group>";
		};
		04B6E8BD2635DCEF005BAE8A /* Builder */ = {
			isa = PBXGroup;
			children = (
				04B6E8B82635DCE7005BAE8A /* EventListBuilder.swift */,
			);
			path = Builder;
			sourceTree = "<group>";
		};
		04D8EC9026388084000DB051 /* Extensions */ = {
			isa = PBXGroup;
			children = (
				04400D3926A831E500342FF5 /* UIKit */,
				04D8EC8B2638807E000DB051 /* ConvertDate.swift */,
				04400D0F2695ADDC00342FF5 /* ConvertString.swift */,
			);
			path = Extensions;
			sourceTree = "<group>";
		};
		77554A6D4B1747ABE5A7BB9A /* Pods */ = {
			isa = PBXGroup;
			children = (
				8115430AAC9FB07955DB0000 /* Pods-dateBook.debug.xcconfig */,
				1C8B3B8C6F602055D2ACB417 /* Pods-dateBook.release.xcconfig */,
				30995F874FA855DBECFD2BC9 /* Pods-dateBook-dateBookUITests.debug.xcconfig */,
				6722D4F07BFDCC57C3F72A80 /* Pods-dateBook-dateBookUITests.release.xcconfig */,
				7B53EB31C15360939D68A3D1 /* Pods-dateBookTests.debug.xcconfig */,
				49BDA08ABBBD3A95989B1ECA /* Pods-dateBookTests.release.xcconfig */,
			);
			path = Pods;
			sourceTree = "<group>";
		};
		93ED4B82410C288673E70ACE /* Frameworks */ = {
			isa = PBXGroup;
			children = (
				1DB9968BC88BF936171568C2 /* Pods_dateBook.framework */,
				51824AE6CAD60AED7F706B34 /* Pods_dateBook_dateBookUITests.framework */,
				7D46E3288979C384BAE43C5B /* Pods_dateBookTests.framework */,
			);
			name = Frameworks;
			sourceTree = "<group>";
		};
/* End PBXGroup section */

/* Begin PBXNativeTarget section */
		04789E7926308C5A00C824AC /* dateBook */ = {
			isa = PBXNativeTarget;
			buildConfigurationList = 04789EA426308C5C00C824AC /* Build configuration list for PBXNativeTarget "dateBook" */;
			buildPhases = (
				49A3DF2A2546A0D7C9A3CC2C /* [CP] Check Pods Manifest.lock */,
				04789E7626308C5A00C824AC /* Sources */,
				04789E7726308C5A00C824AC /* Frameworks */,
				04789E7826308C5A00C824AC /* Resources */,
				7108760F4D936F5240090A70 /* [CP] Embed Pods Frameworks */,
			);
			buildRules = (
			);
			dependencies = (
			);
			name = dateBook;
			productName = dateBook;
			productReference = 04789E7A26308C5A00C824AC /* dateBook.app */;
			productType = "com.apple.product-type.application";
		};
		04789E8F26308C5C00C824AC /* dateBookTests */ = {
			isa = PBXNativeTarget;
			buildConfigurationList = 04789EA726308C5C00C824AC /* Build configuration list for PBXNativeTarget "dateBookTests" */;
			buildPhases = (
				8CD8EC348200534FE63F2022 /* [CP] Check Pods Manifest.lock */,
				04789E8C26308C5C00C824AC /* Sources */,
				04789E8D26308C5C00C824AC /* Frameworks */,
				04789E8E26308C5C00C824AC /* Resources */,
			);
			buildRules = (
			);
			dependencies = (
				04789E9226308C5C00C824AC /* PBXTargetDependency */,
			);
			name = dateBookTests;
			productName = dateBookTests;
			productReference = 04789E9026308C5C00C824AC /* dateBookTests.xctest */;
			productType = "com.apple.product-type.bundle.unit-test";
		};
		04789E9A26308C5C00C824AC /* dateBookUITests */ = {
			isa = PBXNativeTarget;
			buildConfigurationList = 04789EAA26308C5C00C824AC /* Build configuration list for PBXNativeTarget "dateBookUITests" */;
			buildPhases = (
				28291593E4016C6B9307FB0C /* [CP] Check Pods Manifest.lock */,
				04789E9726308C5C00C824AC /* Sources */,
				04789E9826308C5C00C824AC /* Frameworks */,
				04789E9926308C5C00C824AC /* Resources */,
				D2E2A2722D242AFF4A0116F9 /* [CP] Embed Pods Frameworks */,
			);
			buildRules = (
			);
			dependencies = (
				04789E9D26308C5C00C824AC /* PBXTargetDependency */,
			);
			name = dateBookUITests;
			productName = dateBookUITests;
			productReference = 04789E9B26308C5C00C824AC /* dateBookUITests.xctest */;
			productType = "com.apple.product-type.bundle.ui-testing";
		};
/* End PBXNativeTarget section */

/* Begin PBXProject section */
		04789E7226308C5A00C824AC /* Project object */ = {
			isa = PBXProject;
			attributes = {
				LastSwiftUpdateCheck = 1200;
				LastUpgradeCheck = 1200;
				TargetAttributes = {
					04789E7926308C5A00C824AC = {
						CreatedOnToolsVersion = 12.0.1;
					};
					04789E8F26308C5C00C824AC = {
						CreatedOnToolsVersion = 12.0.1;
						TestTargetID = 04789E7926308C5A00C824AC;
					};
					04789E9A26308C5C00C824AC = {
						CreatedOnToolsVersion = 12.0.1;
						TestTargetID = 04789E7926308C5A00C824AC;
					};
				};
			};
			buildConfigurationList = 04789E7526308C5A00C824AC /* Build configuration list for PBXProject "datebook" */;
			compatibilityVersion = "Xcode 9.3";
			developmentRegion = en;
			hasScannedForEncodings = 0;
			knownRegions = (
				en,
				Base,
			);
			mainGroup = 04789E7126308C5A00C824AC;
			productRefGroup = 04789E7B26308C5A00C824AC /* Products */;
			projectDirPath = "";
			projectRoot = "";
			targets = (
				04789E7926308C5A00C824AC /* dateBook */,
				04789E8F26308C5C00C824AC /* dateBookTests */,
				04789E9A26308C5C00C824AC /* dateBookUITests */,
			);
		};
/* End PBXProject section */

/* Begin PBXResourcesBuildPhase section */
		04789E7826308C5A00C824AC /* Resources */ = {
			isa = PBXResourcesBuildPhase;
			buildActionMask = 2147483647;
			files = (
				04D8ECA0263C54D3000DB051 /* ListOfEventsTableViewCell.xib in Resources */,
				04400D4F26A83E4B00342FF5 /* DateTableViewCell.xib in Resources */,
				0465B3F126340B4F00C72A03 /* events.json in Resources */,
				04400D5926A83F1700342FF5 /* DatePickerTableViewCell.xib in Resources */,
				04789E8A26308C5C00C824AC /* LaunchScreen.storyboard in Resources */,
				04789E8726308C5C00C824AC /* Assets.xcassets in Resources */,
				04789E8526308C5A00C824AC /* Main.storyboard in Resources */,
				04400D3126A6E4A100342FF5 /* EventCreationTableViewCell.xib in Resources */,
			);
			runOnlyForDeploymentPostprocessing = 0;
		};
		04789E8E26308C5C00C824AC /* Resources */ = {
			isa = PBXResourcesBuildPhase;
			buildActionMask = 2147483647;
			files = (
			);
			runOnlyForDeploymentPostprocessing = 0;
		};
		04789E9926308C5C00C824AC /* Resources */ = {
			isa = PBXResourcesBuildPhase;
			buildActionMask = 2147483647;
			files = (
			);
			runOnlyForDeploymentPostprocessing = 0;
		};
/* End PBXResourcesBuildPhase section */

/* Begin PBXShellScriptBuildPhase section */
		28291593E4016C6B9307FB0C /* [CP] Check Pods Manifest.lock */ = {
			isa = PBXShellScriptBuildPhase;
			buildActionMask = 2147483647;
			files = (
			);
			inputFileListPaths = (
			);
			inputPaths = (
				"${PODS_PODFILE_DIR_PATH}/Podfile.lock",
				"${PODS_ROOT}/Manifest.lock",
			);
			name = "[CP] Check Pods Manifest.lock";
			outputFileListPaths = (
			);
			outputPaths = (
				"$(DERIVED_FILE_DIR)/Pods-dateBook-dateBookUITests-checkManifestLockResult.txt",
			);
			runOnlyForDeploymentPostprocessing = 0;
			shellPath = /bin/sh;
			shellScript = "diff \"${PODS_PODFILE_DIR_PATH}/Podfile.lock\" \"${PODS_ROOT}/Manifest.lock\" > /dev/null\nif [ $? != 0 ] ; then\n    # print error to STDERR\n    echo \"error: The sandbox is not in sync with the Podfile.lock. Run 'pod install' or update your CocoaPods installation.\" >&2\n    exit 1\nfi\n# This output is used by Xcode 'outputs' to avoid re-running this script phase.\necho \"SUCCESS\" > \"${SCRIPT_OUTPUT_FILE_0}\"\n";
			showEnvVarsInLog = 0;
		};
		49A3DF2A2546A0D7C9A3CC2C /* [CP] Check Pods Manifest.lock */ = {
			isa = PBXShellScriptBuildPhase;
			buildActionMask = 2147483647;
			files = (
			);
			inputFileListPaths = (
			);
			inputPaths = (
				"${PODS_PODFILE_DIR_PATH}/Podfile.lock",
				"${PODS_ROOT}/Manifest.lock",
			);
			name = "[CP] Check Pods Manifest.lock";
			outputFileListPaths = (
			);
			outputPaths = (
				"$(DERIVED_FILE_DIR)/Pods-dateBook-checkManifestLockResult.txt",
			);
			runOnlyForDeploymentPostprocessing = 0;
			shellPath = /bin/sh;
			shellScript = "diff \"${PODS_PODFILE_DIR_PATH}/Podfile.lock\" \"${PODS_ROOT}/Manifest.lock\" > /dev/null\nif [ $? != 0 ] ; then\n    # print error to STDERR\n    echo \"error: The sandbox is not in sync with the Podfile.lock. Run 'pod install' or update your CocoaPods installation.\" >&2\n    exit 1\nfi\n# This output is used by Xcode 'outputs' to avoid re-running this script phase.\necho \"SUCCESS\" > \"${SCRIPT_OUTPUT_FILE_0}\"\n";
			showEnvVarsInLog = 0;
		};
		7108760F4D936F5240090A70 /* [CP] Embed Pods Frameworks */ = {
			isa = PBXShellScriptBuildPhase;
			buildActionMask = 2147483647;
			files = (
			);
			inputFileListPaths = (
				"${PODS_ROOT}/Target Support Files/Pods-dateBook/Pods-dateBook-frameworks-${CONFIGURATION}-input-files.xcfilelist",
			);
			name = "[CP] Embed Pods Frameworks";
			outputFileListPaths = (
				"${PODS_ROOT}/Target Support Files/Pods-dateBook/Pods-dateBook-frameworks-${CONFIGURATION}-output-files.xcfilelist",
			);
			runOnlyForDeploymentPostprocessing = 0;
			shellPath = /bin/sh;
			shellScript = "\"${PODS_ROOT}/Target Support Files/Pods-dateBook/Pods-dateBook-frameworks.sh\"\n";
			showEnvVarsInLog = 0;
		};
		8CD8EC348200534FE63F2022 /* [CP] Check Pods Manifest.lock */ = {
			isa = PBXShellScriptBuildPhase;
			buildActionMask = 2147483647;
			files = (
			);
			inputFileListPaths = (
			);
			inputPaths = (
				"${PODS_PODFILE_DIR_PATH}/Podfile.lock",
				"${PODS_ROOT}/Manifest.lock",
			);
			name = "[CP] Check Pods Manifest.lock";
			outputFileListPaths = (
			);
			outputPaths = (
				"$(DERIVED_FILE_DIR)/Pods-dateBookTests-checkManifestLockResult.txt",
			);
			runOnlyForDeploymentPostprocessing = 0;
			shellPath = /bin/sh;
			shellScript = "diff \"${PODS_PODFILE_DIR_PATH}/Podfile.lock\" \"${PODS_ROOT}/Manifest.lock\" > /dev/null\nif [ $? != 0 ] ; then\n    # print error to STDERR\n    echo \"error: The sandbox is not in sync with the Podfile.lock. Run 'pod install' or update your CocoaPods installation.\" >&2\n    exit 1\nfi\n# This output is used by Xcode 'outputs' to avoid re-running this script phase.\necho \"SUCCESS\" > \"${SCRIPT_OUTPUT_FILE_0}\"\n";
			showEnvVarsInLog = 0;
		};
		D2E2A2722D242AFF4A0116F9 /* [CP] Embed Pods Frameworks */ = {
			isa = PBXShellScriptBuildPhase;
			buildActionMask = 2147483647;
			files = (
			);
			inputFileListPaths = (
				"${PODS_ROOT}/Target Support Files/Pods-dateBook-dateBookUITests/Pods-dateBook-dateBookUITests-frameworks-${CONFIGURATION}-input-files.xcfilelist",
			);
			name = "[CP] Embed Pods Frameworks";
			outputFileListPaths = (
				"${PODS_ROOT}/Target Support Files/Pods-dateBook-dateBookUITests/Pods-dateBook-dateBookUITests-frameworks-${CONFIGURATION}-output-files.xcfilelist",
			);
			runOnlyForDeploymentPostprocessing = 0;
			shellPath = /bin/sh;
			shellScript = "\"${PODS_ROOT}/Target Support Files/Pods-dateBook-dateBookUITests/Pods-dateBook-dateBookUITests-frameworks.sh\"\n";
			showEnvVarsInLog = 0;
		};
/* End PBXShellScriptBuildPhase section */

/* Begin PBXSourcesBuildPhase section */
		04789E7626308C5A00C824AC /* Sources */ = {
			isa = PBXSourcesBuildPhase;
			buildActionMask = 2147483647;
			files = (
				04789E8226308C5A00C824AC /* CalendarViewController.swift in Sources */,
				04D8EC8C2638807E000DB051 /* ConvertDate.swift in Sources */,
				04400D3B26A8320900342FF5 /* UIStackView.swift in Sources */,
				0465B41C26340F1900C72A03 /* RealmService.swift in Sources */,
				04400D4026A8359900342FF5 /* UILabel.swift in Sources */,
				04789E7E26308C5A00C824AC /* AppDelegate.swift in Sources */,
				0450114C2670D4FB00E8147D /* EventCreationModuleBuilder.swift in Sources */,
				0450116C2670DA3200E8147D /* EventListRouter.swift in Sources */,
				04400D4E26A83E4B00342FF5 /* DateTableViewCell.swift in Sources */,
				04D8EC9F263C54D3000DB051 /* ListOfEventsTableViewCell.swift in Sources */,
				045011432670D35100E8147D /* EventCreationPresenter.swift in Sources */,
				04789E8026308C5A00C824AC /* SceneDelegate.swift in Sources */,
				04400D1826961E5600342FF5 /* EventCreationRouter.swift in Sources */,
				04400D3026A6E4A100342FF5 /* EventCreationTableViewCell.swift in Sources */,
				04400D102695ADDC00342FF5 /* ConvertString.swift in Sources */,
				04789EC026309D9100C824AC /* EventModel.swift in Sources */,
				04501124266E4C7F00E8147D /* EventCreationViewController.swift in Sources */,
				04B6E8B92635DCE7005BAE8A /* EventListBuilder.swift in Sources */,
				0465B43426345E3600C72A03 /* EventListPresenter.swift in Sources */,
				04400D5826A83F1700342FF5 /* DatePickerTableViewCell.swift in Sources */,
			);
			runOnlyForDeploymentPostprocessing = 0;
		};
		04789E8C26308C5C00C824AC /* Sources */ = {
			isa = PBXSourcesBuildPhase;
			buildActionMask = 2147483647;
			files = (
				04789E9526308C5C00C824AC /* dateBookTests.swift in Sources */,
			);
			runOnlyForDeploymentPostprocessing = 0;
		};
		04789E9726308C5C00C824AC /* Sources */ = {
			isa = PBXSourcesBuildPhase;
			buildActionMask = 2147483647;
			files = (
				04789EA026308C5C00C824AC /* dateBookUITests.swift in Sources */,
			);
			runOnlyForDeploymentPostprocessing = 0;
		};
/* End PBXSourcesBuildPhase section */

/* Begin PBXTargetDependency section */
		04789E9226308C5C00C824AC /* PBXTargetDependency */ = {
			isa = PBXTargetDependency;
			target = 04789E7926308C5A00C824AC /* dateBook */;
			targetProxy = 04789E9126308C5C00C824AC /* PBXContainerItemProxy */;
		};
		04789E9D26308C5C00C824AC /* PBXTargetDependency */ = {
			isa = PBXTargetDependency;
			target = 04789E7926308C5A00C824AC /* dateBook */;
			targetProxy = 04789E9C26308C5C00C824AC /* PBXContainerItemProxy */;
		};
/* End PBXTargetDependency section */

/* Begin PBXVariantGroup section */
		04789E8326308C5A00C824AC /* Main.storyboard */ = {
			isa = PBXVariantGroup;
			children = (
				04789E8426308C5A00C824AC /* Base */,
			);
			name = Main.storyboard;
			sourceTree = "<group>";
		};
		04789E8826308C5C00C824AC /* LaunchScreen.storyboard */ = {
			isa = PBXVariantGroup;
			children = (
				04789E8926308C5C00C824AC /* Base */,
			);
			name = LaunchScreen.storyboard;
			sourceTree = "<group>";
		};
/* End PBXVariantGroup section */

/* Begin XCBuildConfiguration section */
		04789EA226308C5C00C824AC /* Debug */ = {
			isa = XCBuildConfiguration;
			buildSettings = {
				ALWAYS_SEARCH_USER_PATHS = NO;
				CLANG_ANALYZER_NONNULL = YES;
				CLANG_ANALYZER_NUMBER_OBJECT_CONVERSION = YES_AGGRESSIVE;
				CLANG_CXX_LANGUAGE_STANDARD = "gnu++14";
				CLANG_CXX_LIBRARY = "libc++";
				CLANG_ENABLE_MODULES = YES;
				CLANG_ENABLE_OBJC_ARC = YES;
				CLANG_ENABLE_OBJC_WEAK = YES;
				CLANG_WARN_BLOCK_CAPTURE_AUTORELEASING = YES;
				CLANG_WARN_BOOL_CONVERSION = YES;
				CLANG_WARN_COMMA = YES;
				CLANG_WARN_CONSTANT_CONVERSION = YES;
				CLANG_WARN_DEPRECATED_OBJC_IMPLEMENTATIONS = YES;
				CLANG_WARN_DIRECT_OBJC_ISA_USAGE = YES_ERROR;
				CLANG_WARN_DOCUMENTATION_COMMENTS = YES;
				CLANG_WARN_EMPTY_BODY = YES;
				CLANG_WARN_ENUM_CONVERSION = YES;
				CLANG_WARN_INFINITE_RECURSION = YES;
				CLANG_WARN_INT_CONVERSION = YES;
				CLANG_WARN_NON_LITERAL_NULL_CONVERSION = YES;
				CLANG_WARN_OBJC_IMPLICIT_RETAIN_SELF = YES;
				CLANG_WARN_OBJC_LITERAL_CONVERSION = YES;
				CLANG_WARN_OBJC_ROOT_CLASS = YES_ERROR;
				CLANG_WARN_QUOTED_INCLUDE_IN_FRAMEWORK_HEADER = YES;
				CLANG_WARN_RANGE_LOOP_ANALYSIS = YES;
				CLANG_WARN_STRICT_PROTOTYPES = YES;
				CLANG_WARN_SUSPICIOUS_MOVE = YES;
				CLANG_WARN_UNGUARDED_AVAILABILITY = YES_AGGRESSIVE;
				CLANG_WARN_UNREACHABLE_CODE = YES;
				CLANG_WARN__DUPLICATE_METHOD_MATCH = YES;
				COPY_PHASE_STRIP = NO;
				DEBUG_INFORMATION_FORMAT = dwarf;
				ENABLE_STRICT_OBJC_MSGSEND = YES;
				ENABLE_TESTABILITY = YES;
				GCC_C_LANGUAGE_STANDARD = gnu11;
				GCC_DYNAMIC_NO_PIC = NO;
				GCC_NO_COMMON_BLOCKS = YES;
				GCC_OPTIMIZATION_LEVEL = 0;
				GCC_PREPROCESSOR_DEFINITIONS = (
					"DEBUG=1",
					"$(inherited)",
				);
				GCC_WARN_64_TO_32_BIT_CONVERSION = YES;
				GCC_WARN_ABOUT_RETURN_TYPE = YES_ERROR;
				GCC_WARN_UNDECLARED_SELECTOR = YES;
				GCC_WARN_UNINITIALIZED_AUTOS = YES_AGGRESSIVE;
				GCC_WARN_UNUSED_FUNCTION = YES;
				GCC_WARN_UNUSED_VARIABLE = YES;
				IPHONEOS_DEPLOYMENT_TARGET = 14.0;
				MTL_ENABLE_DEBUG_INFO = INCLUDE_SOURCE;
				MTL_FAST_MATH = YES;
				ONLY_ACTIVE_ARCH = YES;
				SDKROOT = iphoneos;
				SWIFT_ACTIVE_COMPILATION_CONDITIONS = DEBUG;
				SWIFT_OPTIMIZATION_LEVEL = "-Onone";
			};
			name = Debug;
		};
		04789EA326308C5C00C824AC /* Release */ = {
			isa = XCBuildConfiguration;
			buildSettings = {
				ALWAYS_SEARCH_USER_PATHS = NO;
				CLANG_ANALYZER_NONNULL = YES;
				CLANG_ANALYZER_NUMBER_OBJECT_CONVERSION = YES_AGGRESSIVE;
				CLANG_CXX_LANGUAGE_STANDARD = "gnu++14";
				CLANG_CXX_LIBRARY = "libc++";
				CLANG_ENABLE_MODULES = YES;
				CLANG_ENABLE_OBJC_ARC = YES;
				CLANG_ENABLE_OBJC_WEAK = YES;
				CLANG_WARN_BLOCK_CAPTURE_AUTORELEASING = YES;
				CLANG_WARN_BOOL_CONVERSION = YES;
				CLANG_WARN_COMMA = YES;
				CLANG_WARN_CONSTANT_CONVERSION = YES;
				CLANG_WARN_DEPRECATED_OBJC_IMPLEMENTATIONS = YES;
				CLANG_WARN_DIRECT_OBJC_ISA_USAGE = YES_ERROR;
				CLANG_WARN_DOCUMENTATION_COMMENTS = YES;
				CLANG_WARN_EMPTY_BODY = YES;
				CLANG_WARN_ENUM_CONVERSION = YES;
				CLANG_WARN_INFINITE_RECURSION = YES;
				CLANG_WARN_INT_CONVERSION = YES;
				CLANG_WARN_NON_LITERAL_NULL_CONVERSION = YES;
				CLANG_WARN_OBJC_IMPLICIT_RETAIN_SELF = YES;
				CLANG_WARN_OBJC_LITERAL_CONVERSION = YES;
				CLANG_WARN_OBJC_ROOT_CLASS = YES_ERROR;
				CLANG_WARN_QUOTED_INCLUDE_IN_FRAMEWORK_HEADER = YES;
				CLANG_WARN_RANGE_LOOP_ANALYSIS = YES;
				CLANG_WARN_STRICT_PROTOTYPES = YES;
				CLANG_WARN_SUSPICIOUS_MOVE = YES;
				CLANG_WARN_UNGUARDED_AVAILABILITY = YES_AGGRESSIVE;
				CLANG_WARN_UNREACHABLE_CODE = YES;
				CLANG_WARN__DUPLICATE_METHOD_MATCH = YES;
				COPY_PHASE_STRIP = NO;
				DEBUG_INFORMATION_FORMAT = "dwarf-with-dsym";
				ENABLE_NS_ASSERTIONS = NO;
				ENABLE_STRICT_OBJC_MSGSEND = YES;
				GCC_C_LANGUAGE_STANDARD = gnu11;
				GCC_NO_COMMON_BLOCKS = YES;
				GCC_WARN_64_TO_32_BIT_CONVERSION = YES;
				GCC_WARN_ABOUT_RETURN_TYPE = YES_ERROR;
				GCC_WARN_UNDECLARED_SELECTOR = YES;
				GCC_WARN_UNINITIALIZED_AUTOS = YES_AGGRESSIVE;
				GCC_WARN_UNUSED_FUNCTION = YES;
				GCC_WARN_UNUSED_VARIABLE = YES;
				IPHONEOS_DEPLOYMENT_TARGET = 14.0;
				MTL_ENABLE_DEBUG_INFO = NO;
				MTL_FAST_MATH = YES;
				SDKROOT = iphoneos;
				SWIFT_COMPILATION_MODE = wholemodule;
				SWIFT_OPTIMIZATION_LEVEL = "-O";
				VALIDATE_PRODUCT = YES;
			};
			name = Release;
		};
		04789EA526308C5C00C824AC /* Debug */ = {
			isa = XCBuildConfiguration;
			baseConfigurationReference = 8115430AAC9FB07955DB0000 /* Pods-dateBook.debug.xcconfig */;
			buildSettings = {
				ASSETCATALOG_COMPILER_APPICON_NAME = AppIcon;
				ASSETCATALOG_COMPILER_GLOBAL_ACCENT_COLOR_NAME = AccentColor;
				CODE_SIGN_STYLE = Automatic;
				INFOPLIST_FILE = dateBook/Info.plist;
				LD_RUNPATH_SEARCH_PATHS = (
					"$(inherited)",
					"@executable_path/Frameworks",
				);
				PRODUCT_BUNDLE_IDENTIFIER = com.pasha.dateBook;
				PRODUCT_NAME = "$(TARGET_NAME)";
				SWIFT_VERSION = 5.0;
				TARGETED_DEVICE_FAMILY = "1,2";
			};
			name = Debug;
		};
		04789EA626308C5C00C824AC /* Release */ = {
			isa = XCBuildConfiguration;
			baseConfigurationReference = 1C8B3B8C6F602055D2ACB417 /* Pods-dateBook.release.xcconfig */;
			buildSettings = {
				ASSETCATALOG_COMPILER_APPICON_NAME = AppIcon;
				ASSETCATALOG_COMPILER_GLOBAL_ACCENT_COLOR_NAME = AccentColor;
				CODE_SIGN_STYLE = Automatic;
				INFOPLIST_FILE = dateBook/Info.plist;
				LD_RUNPATH_SEARCH_PATHS = (
					"$(inherited)",
					"@executable_path/Frameworks",
				);
				PRODUCT_BUNDLE_IDENTIFIER = com.pasha.dateBook;
				PRODUCT_NAME = "$(TARGET_NAME)";
				SWIFT_VERSION = 5.0;
				TARGETED_DEVICE_FAMILY = "1,2";
			};
			name = Release;
		};
		04789EA826308C5C00C824AC /* Debug */ = {
			isa = XCBuildConfiguration;
			baseConfigurationReference = 7B53EB31C15360939D68A3D1 /* Pods-dateBookTests.debug.xcconfig */;
			buildSettings = {
				ALWAYS_EMBED_SWIFT_STANDARD_LIBRARIES = YES;
				BUNDLE_LOADER = "$(TEST_HOST)";
				CODE_SIGN_STYLE = Automatic;
				INFOPLIST_FILE = dateBookTests/Info.plist;
				IPHONEOS_DEPLOYMENT_TARGET = 14.0;
				LD_RUNPATH_SEARCH_PATHS = (
					"$(inherited)",
					"@executable_path/Frameworks",
					"@loader_path/Frameworks",
				);
				PRODUCT_BUNDLE_IDENTIFIER = com.pasha.dateBookTests;
				PRODUCT_NAME = "$(TARGET_NAME)";
				SWIFT_VERSION = 5.0;
				TARGETED_DEVICE_FAMILY = "1,2";
				TEST_HOST = "$(BUILT_PRODUCTS_DIR)/dateBook.app/dateBook";
			};
			name = Debug;
		};
		04789EA926308C5C00C824AC /* Release */ = {
			isa = XCBuildConfiguration;
			baseConfigurationReference = 49BDA08ABBBD3A95989B1ECA /* Pods-dateBookTests.release.xcconfig */;
			buildSettings = {
				ALWAYS_EMBED_SWIFT_STANDARD_LIBRARIES = YES;
				BUNDLE_LOADER = "$(TEST_HOST)";
				CODE_SIGN_STYLE = Automatic;
				INFOPLIST_FILE = dateBookTests/Info.plist;
				IPHONEOS_DEPLOYMENT_TARGET = 14.0;
				LD_RUNPATH_SEARCH_PATHS = (
					"$(inherited)",
					"@executable_path/Frameworks",
					"@loader_path/Frameworks",
				);
				PRODUCT_BUNDLE_IDENTIFIER = com.pasha.dateBookTests;
				PRODUCT_NAME = "$(TARGET_NAME)";
				SWIFT_VERSION = 5.0;
				TARGETED_DEVICE_FAMILY = "1,2";
				TEST_HOST = "$(BUILT_PRODUCTS_DIR)/dateBook.app/dateBook";
			};
			name = Release;
		};
		04789EAB26308C5C00C824AC /* Debug */ = {
			isa = XCBuildConfiguration;
			baseConfigurationReference = 30995F874FA855DBECFD2BC9 /* Pods-dateBook-dateBookUITests.debug.xcconfig */;
			buildSettings = {
				ALWAYS_EMBED_SWIFT_STANDARD_LIBRARIES = YES;
				CODE_SIGN_STYLE = Automatic;
				INFOPLIST_FILE = dateBookUITests/Info.plist;
				LD_RUNPATH_SEARCH_PATHS = (
					"$(inherited)",
					"@executable_path/Frameworks",
					"@loader_path/Frameworks",
				);
				PRODUCT_BUNDLE_IDENTIFIER = com.pasha.dateBookUITests;
				PRODUCT_NAME = "$(TARGET_NAME)";
				SWIFT_VERSION = 5.0;
				TARGETED_DEVICE_FAMILY = "1,2";
				TEST_TARGET_NAME = dateBook;
			};
			name = Debug;
		};
		04789EAC26308C5C00C824AC /* Release */ = {
			isa = XCBuildConfiguration;
			baseConfigurationReference = 6722D4F07BFDCC57C3F72A80 /* Pods-dateBook-dateBookUITests.release.xcconfig */;
			buildSettings = {
				ALWAYS_EMBED_SWIFT_STANDARD_LIBRARIES = YES;
				CODE_SIGN_STYLE = Automatic;
				INFOPLIST_FILE = dateBookUITests/Info.plist;
				LD_RUNPATH_SEARCH_PATHS = (
					"$(inherited)",
					"@executable_path/Frameworks",
					"@loader_path/Frameworks",
				);
				PRODUCT_BUNDLE_IDENTIFIER = com.pasha.dateBookUITests;
				PRODUCT_NAME = "$(TARGET_NAME)";
				SWIFT_VERSION = 5.0;
				TARGETED_DEVICE_FAMILY = "1,2";
				TEST_TARGET_NAME = dateBook;
			};
			name = Release;
		};
/* End XCBuildConfiguration section */

/* Begin XCConfigurationList section */
		04789E7526308C5A00C824AC /* Build configuration list for PBXProject "datebook" */ = {
			isa = XCConfigurationList;
			buildConfigurations = (
				04789EA226308C5C00C824AC /* Debug */,
				04789EA326308C5C00C824AC /* Release */,
			);
			defaultConfigurationIsVisible = 0;
			defaultConfigurationName = Release;
		};
		04789EA426308C5C00C824AC /* Build configuration list for PBXNativeTarget "dateBook" */ = {
			isa = XCConfigurationList;
			buildConfigurations = (
				04789EA526308C5C00C824AC /* Debug */,
				04789EA626308C5C00C824AC /* Release */,
			);
			defaultConfigurationIsVisible = 0;
			defaultConfigurationName = Release;
		};
		04789EA726308C5C00C824AC /* Build configuration list for PBXNativeTarget "dateBookTests" */ = {
			isa = XCConfigurationList;
			buildConfigurations = (
				04789EA826308C5C00C824AC /* Debug */,
				04789EA926308C5C00C824AC /* Release */,
			);
			defaultConfigurationIsVisible = 0;
			defaultConfigurationName = Release;
		};
		04789EAA26308C5C00C824AC /* Build configuration list for PBXNativeTarget "dateBookUITests" */ = {
			isa = XCConfigurationList;
			buildConfigurations = (
				04789EAB26308C5C00C824AC /* Debug */,
				04789EAC26308C5C00C824AC /* Release */,
			);
			defaultConfigurationIsVisible = 0;
			defaultConfigurationName = Release;
		};
/* End XCConfigurationList section */
	};
	rootObject = 04789E7226308C5A00C824AC /* Project object */;
}
