// !$*UTF8*$!
{
	archiveVersion = 1;
	classes = {
	};
	objectVersion = 51;
	objects = {

/* Begin PBXBuildFile section */
		0408267625B7446E00365C09 /* NetworkService.swift in Sources */ = {isa = PBXBuildFile; fileRef = 0408267525B7446E00365C09 /* NetworkService.swift */; };
		0408268225B74BDF00365C09 /* DataResponse.swift in Sources */ = {isa = PBXBuildFile; fileRef = 0408268125B74BDF00365C09 /* DataResponse.swift */; };
		0408268F25B7535500365C09 /* ListNewsPresenter.swift in Sources */ = {isa = PBXBuildFile; fileRef = 0408268E25B7535500365C09 /* ListNewsPresenter.swift */; };
		0408269925B8A36C00365C09 /* ListNewsViewController.swift in Sources */ = {isa = PBXBuildFile; fileRef = 0408269725B8A36C00365C09 /* ListNewsViewController.swift */; };
		040826A425B9F21400365C09 /* ListNewsCollectionViewCell.swift in Sources */ = {isa = PBXBuildFile; fileRef = 040826A225B9F21400365C09 /* ListNewsCollectionViewCell.swift */; };
		040826C925D0393000365C09 /* ConvertFromStringToData.swift in Sources */ = {isa = PBXBuildFile; fileRef = 040826C825D0393000365C09 /* ConvertFromStringToData.swift */; };
		04559FB3262C8CF3006CF5EE /* AuthPresenterTest.swift in Sources */ = {isa = PBXBuildFile; fileRef = 04559FB2262C8CF3006CF5EE /* AuthPresenterTest.swift */; };
		04559FBF262CA0DC006CF5EE /* AuthRouterTest.swift in Sources */ = {isa = PBXBuildFile; fileRef = 04559FBE262CA0DC006CF5EE /* AuthRouterTest.swift */; };
		04559FCA262DF255006CF5EE /* ListNewsPresenterTest.swift in Sources */ = {isa = PBXBuildFile; fileRef = 04559FC9262DF255006CF5EE /* ListNewsPresenterTest.swift */; };
		045680D225F8E1FB00019239 /* AuthRouter.swift in Sources */ = {isa = PBXBuildFile; fileRef = 045680D125F8E1FB00019239 /* AuthRouter.swift */; };
		045680DE25F8E48500019239 /* ListNewsRouter.swift in Sources */ = {isa = PBXBuildFile; fileRef = 045680DD25F8E48500019239 /* ListNewsRouter.swift */; };
		045680EA25F8EC8100019239 /* AuthAssemblyBuilder.swift in Sources */ = {isa = PBXBuildFile; fileRef = 045680E925F8EC8100019239 /* AuthAssemblyBuilder.swift */; };
		045680F625F8EEBE00019239 /* ListNewsAssemblyBuilder.swift in Sources */ = {isa = PBXBuildFile; fileRef = 045680F525F8EEBE00019239 /* ListNewsAssemblyBuilder.swift */; };
		045681292608AA4100019239 /* Gradient.swift in Sources */ = {isa = PBXBuildFile; fileRef = 045681282608AA4100019239 /* Gradient.swift */; };
		045681352608ABFE00019239 /* Constants.swift in Sources */ = {isa = PBXBuildFile; fileRef = 045681342608ABFE00019239 /* Constants.swift */; };
		04986A9C2541EDA300884F8E /* AppDelegate.swift in Sources */ = {isa = PBXBuildFile; fileRef = 04986A9B2541EDA300884F8E /* AppDelegate.swift */; };
		04986A9E2541EDA300884F8E /* SceneDelegate.swift in Sources */ = {isa = PBXBuildFile; fileRef = 04986A9D2541EDA300884F8E /* SceneDelegate.swift */; };
		04986AA02541EDA300884F8E /* AuthViewController.swift in Sources */ = {isa = PBXBuildFile; fileRef = 04986A9F2541EDA300884F8E /* AuthViewController.swift */; };
		04986AA32541EDA300884F8E /* Main.storyboard in Resources */ = {isa = PBXBuildFile; fileRef = 04986AA12541EDA300884F8E /* Main.storyboard */; };
		04986AA52541EDAC00884F8E /* Assets.xcassets in Resources */ = {isa = PBXBuildFile; fileRef = 04986AA42541EDAC00884F8E /* Assets.xcassets */; };
		04986AA82541EDAC00884F8E /* LaunchScreen.storyboard in Resources */ = {isa = PBXBuildFile; fileRef = 04986AA62541EDAC00884F8E /* LaunchScreen.storyboard */; };
		04986AB32541EDAD00884F8E /* task3Tests.swift in Sources */ = {isa = PBXBuildFile; fileRef = 04986AB22541EDAD00884F8E /* task3Tests.swift */; };
		04986ABE2541EDAD00884F8E /* task3UITests.swift in Sources */ = {isa = PBXBuildFile; fileRef = 04986ABD2541EDAD00884F8E /* task3UITests.swift */; };
		04BADCB82557127400F711B0 /* AuthPresenter.swift in Sources */ = {isa = PBXBuildFile; fileRef = 04BADCB72557127400F711B0 /* AuthPresenter.swift */; };
		04BADCBD2559A77600F711B0 /* Roboto-Thin.ttf in Resources */ = {isa = PBXBuildFile; fileRef = 04BADCBC2559A77600F711B0 /* Roboto-Thin.ttf */; };
		04BADCE42559B1AF00F711B0 /* AuthView.swift in Sources */ = {isa = PBXBuildFile; fileRef = 04BADCE32559B1AF00F711B0 /* AuthView.swift */; };
		04BADCE92559B1E200F711B0 /* AuthView.xib in Resources */ = {isa = PBXBuildFile; fileRef = 04BADCE82559B1E200F711B0 /* AuthView.xib */; };
		07C9C2A23F6036C3A600CCC9 /* Pods_task3_task3UITests.framework in Frameworks */ = {isa = PBXBuildFile; fileRef = 2521AF7CF2B96E4A3280E065 /* Pods_task3_task3UITests.framework */; };
		1167FA71335D2523644E1025 /* Pods_task3.framework in Frameworks */ = {isa = PBXBuildFile; fileRef = 46D4B6D7D16FBDDD3F8852BC /* Pods_task3.framework */; };
		377B08485F0360079F5EC100 /* Pods_task3Tests.framework in Frameworks */ = {isa = PBXBuildFile; fileRef = 5CCCE291F1AD18E7AD57B42E /* Pods_task3Tests.framework */; };
/* End PBXBuildFile section */

/* Begin PBXContainerItemProxy section */
		04986AAF2541EDAD00884F8E /* PBXContainerItemProxy */ = {
			isa = PBXContainerItemProxy;
			containerPortal = 04986A902541EDA300884F8E /* Project object */;
			proxyType = 1;
			remoteGlobalIDString = 04986A972541EDA300884F8E;
			remoteInfo = task3;
		};
		04986ABA2541EDAD00884F8E /* PBXContainerItemProxy */ = {
			isa = PBXContainerItemProxy;
			containerPortal = 04986A902541EDA300884F8E /* Project object */;
			proxyType = 1;
			remoteGlobalIDString = 04986A972541EDA300884F8E;
			remoteInfo = task3;
		};
/* End PBXContainerItemProxy section */

/* Begin PBXFileReference section */
		0408267525B7446E00365C09 /* NetworkService.swift */ = {isa = PBXFileReference; lastKnownFileType = sourcecode.swift; path = NetworkService.swift; sourceTree = "<group>"; };
		0408268125B74BDF00365C09 /* DataResponse.swift */ = {isa = PBXFileReference; lastKnownFileType = sourcecode.swift; path = DataResponse.swift; sourceTree = "<group>"; };
		0408268E25B7535500365C09 /* ListNewsPresenter.swift */ = {isa = PBXFileReference; lastKnownFileType = sourcecode.swift; path = ListNewsPresenter.swift; sourceTree = "<group>"; };
		0408269725B8A36C00365C09 /* ListNewsViewController.swift */ = {isa = PBXFileReference; lastKnownFileType = sourcecode.swift; path = ListNewsViewController.swift; sourceTree = "<group>"; };
		040826A225B9F21400365C09 /* ListNewsCollectionViewCell.swift */ = {isa = PBXFileReference; lastKnownFileType = sourcecode.swift; path = ListNewsCollectionViewCell.swift; sourceTree = "<group>"; };
		040826C825D0393000365C09 /* ConvertFromStringToData.swift */ = {isa = PBXFileReference; lastKnownFileType = sourcecode.swift; path = ConvertFromStringToData.swift; sourceTree = "<group>"; };
		04559FB2262C8CF3006CF5EE /* AuthPresenterTest.swift */ = {isa = PBXFileReference; lastKnownFileType = sourcecode.swift; path = AuthPresenterTest.swift; sourceTree = "<group>"; };
		04559FBE262CA0DC006CF5EE /* AuthRouterTest.swift */ = {isa = PBXFileReference; lastKnownFileType = sourcecode.swift; path = AuthRouterTest.swift; sourceTree = "<group>"; };
		04559FC9262DF255006CF5EE /* ListNewsPresenterTest.swift */ = {isa = PBXFileReference; lastKnownFileType = sourcecode.swift; path = ListNewsPresenterTest.swift; sourceTree = "<group>"; };
		045680D125F8E1FB00019239 /* AuthRouter.swift */ = {isa = PBXFileReference; lastKnownFileType = sourcecode.swift; path = AuthRouter.swift; sourceTree = "<group>"; };
		045680DD25F8E48500019239 /* ListNewsRouter.swift */ = {isa = PBXFileReference; lastKnownFileType = sourcecode.swift; path = ListNewsRouter.swift; sourceTree = "<group>"; };
		045680E925F8EC8100019239 /* AuthAssemblyBuilder.swift */ = {isa = PBXFileReference; lastKnownFileType = sourcecode.swift; path = AuthAssemblyBuilder.swift; sourceTree = "<group>"; };
		045680F525F8EEBE00019239 /* ListNewsAssemblyBuilder.swift */ = {isa = PBXFileReference; lastKnownFileType = sourcecode.swift; path = ListNewsAssemblyBuilder.swift; sourceTree = "<group>"; };
		045681282608AA4100019239 /* Gradient.swift */ = {isa = PBXFileReference; lastKnownFileType = sourcecode.swift; path = Gradient.swift; sourceTree = "<group>"; };
		045681342608ABFE00019239 /* Constants.swift */ = {isa = PBXFileReference; lastKnownFileType = sourcecode.swift; path = Constants.swift; sourceTree = "<group>"; };
		04986A982541EDA300884F8E /* task3.app */ = {isa = PBXFileReference; explicitFileType = wrapper.application; includeInIndex = 0; path = task3.app; sourceTree = BUILT_PRODUCTS_DIR; };
		04986A9B2541EDA300884F8E /* AppDelegate.swift */ = {isa = PBXFileReference; lastKnownFileType = sourcecode.swift; path = AppDelegate.swift; sourceTree = "<group>"; };
		04986A9D2541EDA300884F8E /* SceneDelegate.swift */ = {isa = PBXFileReference; lastKnownFileType = sourcecode.swift; path = SceneDelegate.swift; sourceTree = "<group>"; };
		04986A9F2541EDA300884F8E /* AuthViewController.swift */ = {isa = PBXFileReference; lastKnownFileType = sourcecode.swift; path = AuthViewController.swift; sourceTree = "<group>"; };
		04986AA22541EDA300884F8E /* Base */ = {isa = PBXFileReference; lastKnownFileType = file.storyboard; name = Base; path = Base.lproj/Main.storyboard; sourceTree = "<group>"; };
		04986AA42541EDAC00884F8E /* Assets.xcassets */ = {isa = PBXFileReference; lastKnownFileType = folder.assetcatalog; path = Assets.xcassets; sourceTree = "<group>"; };
		04986AA72541EDAC00884F8E /* Base */ = {isa = PBXFileReference; lastKnownFileType = file.storyboard; name = Base; path = Base.lproj/LaunchScreen.storyboard; sourceTree = "<group>"; };
		04986AA92541EDAC00884F8E /* Info.plist */ = {isa = PBXFileReference; lastKnownFileType = text.plist.xml; path = Info.plist; sourceTree = "<group>"; };
		04986AAE2541EDAD00884F8E /* task3Tests.xctest */ = {isa = PBXFileReference; explicitFileType = wrapper.cfbundle; includeInIndex = 0; path = task3Tests.xctest; sourceTree = BUILT_PRODUCTS_DIR; };
		04986AB22541EDAD00884F8E /* task3Tests.swift */ = {isa = PBXFileReference; lastKnownFileType = sourcecode.swift; path = task3Tests.swift; sourceTree = "<group>"; };
		04986AB42541EDAD00884F8E /* Info.plist */ = {isa = PBXFileReference; lastKnownFileType = text.plist.xml; path = Info.plist; sourceTree = "<group>"; };
		04986AB92541EDAD00884F8E /* task3UITests.xctest */ = {isa = PBXFileReference; explicitFileType = wrapper.cfbundle; includeInIndex = 0; path = task3UITests.xctest; sourceTree = BUILT_PRODUCTS_DIR; };
		04986ABD2541EDAD00884F8E /* task3UITests.swift */ = {isa = PBXFileReference; lastKnownFileType = sourcecode.swift; path = task3UITests.swift; sourceTree = "<group>"; };
		04986ABF2541EDAD00884F8E /* Info.plist */ = {isa = PBXFileReference; lastKnownFileType = text.plist.xml; path = Info.plist; sourceTree = "<group>"; };
		04BADCB72557127400F711B0 /* AuthPresenter.swift */ = {isa = PBXFileReference; lastKnownFileType = sourcecode.swift; path = AuthPresenter.swift; sourceTree = "<group>"; };
		04BADCBC2559A77600F711B0 /* Roboto-Thin.ttf */ = {isa = PBXFileReference; lastKnownFileType = file; name = "Roboto-Thin.ttf"; path = "Roboto/Roboto-Thin.ttf"; sourceTree = SOURCE_ROOT; };
		04BADCC12559A78900F711B0 /* Roboto-Regular.ttf */ = {isa = PBXFileReference; lastKnownFileType = file; name = "Roboto-Regular.ttf"; path = "Roboto/Roboto-Regular.ttf"; sourceTree = SOURCE_ROOT; };
		04BADCE32559B1AF00F711B0 /* AuthView.swift */ = {isa = PBXFileReference; lastKnownFileType = sourcecode.swift; path = AuthView.swift; sourceTree = "<group>"; };
		04BADCE82559B1E200F711B0 /* AuthView.xib */ = {isa = PBXFileReference; lastKnownFileType = file.xib; path = AuthView.xib; sourceTree = "<group>"; };
		23292F34A53B967B6156CB7B /* Pods-task3.debug.xcconfig */ = {isa = PBXFileReference; includeInIndex = 1; lastKnownFileType = text.xcconfig; name = "Pods-task3.debug.xcconfig"; path = "Target Support Files/Pods-task3/Pods-task3.debug.xcconfig"; sourceTree = "<group>"; };
		2521AF7CF2B96E4A3280E065 /* Pods_task3_task3UITests.framework */ = {isa = PBXFileReference; explicitFileType = wrapper.framework; includeInIndex = 0; path = Pods_task3_task3UITests.framework; sourceTree = BUILT_PRODUCTS_DIR; };
		2FAF32A65E9BBCA408675D15 /* Pods-task3Tests.debug.xcconfig */ = {isa = PBXFileReference; includeInIndex = 1; lastKnownFileType = text.xcconfig; name = "Pods-task3Tests.debug.xcconfig"; path = "Target Support Files/Pods-task3Tests/Pods-task3Tests.debug.xcconfig"; sourceTree = "<group>"; };
		46D4B6D7D16FBDDD3F8852BC /* Pods_task3.framework */ = {isa = PBXFileReference; explicitFileType = wrapper.framework; includeInIndex = 0; path = Pods_task3.framework; sourceTree = BUILT_PRODUCTS_DIR; };
		5CCCE291F1AD18E7AD57B42E /* Pods_task3Tests.framework */ = {isa = PBXFileReference; explicitFileType = wrapper.framework; includeInIndex = 0; path = Pods_task3Tests.framework; sourceTree = BUILT_PRODUCTS_DIR; };
		7D4077A6062012C787A69DA5 /* Pods-task3-task3UITests.debug.xcconfig */ = {isa = PBXFileReference; includeInIndex = 1; lastKnownFileType = text.xcconfig; name = "Pods-task3-task3UITests.debug.xcconfig"; path = "Target Support Files/Pods-task3-task3UITests/Pods-task3-task3UITests.debug.xcconfig"; sourceTree = "<group>"; };
		94C04FD3863FA96240F817F7 /* Pods-task3.release.xcconfig */ = {isa = PBXFileReference; includeInIndex = 1; lastKnownFileType = text.xcconfig; name = "Pods-task3.release.xcconfig"; path = "Target Support Files/Pods-task3/Pods-task3.release.xcconfig"; sourceTree = "<group>"; };
		B6A7C76353FCAFE3E991CC68 /* Pods-task3Tests.release.xcconfig */ = {isa = PBXFileReference; includeInIndex = 1; lastKnownFileType = text.xcconfig; name = "Pods-task3Tests.release.xcconfig"; path = "Target Support Files/Pods-task3Tests/Pods-task3Tests.release.xcconfig"; sourceTree = "<group>"; };
		EF8BE40EDD60E0AB4D69A380 /* Pods-task3-task3UITests.release.xcconfig */ = {isa = PBXFileReference; includeInIndex = 1; lastKnownFileType = text.xcconfig; name = "Pods-task3-task3UITests.release.xcconfig"; path = "Target Support Files/Pods-task3-task3UITests/Pods-task3-task3UITests.release.xcconfig"; sourceTree = "<group>"; };
/* End PBXFileReference section */

/* Begin PBXFrameworksBuildPhase section */
		04986A952541EDA300884F8E /* Frameworks */ = {
			isa = PBXFrameworksBuildPhase;
			buildActionMask = 2147483647;
			files = (
				1167FA71335D2523644E1025 /* Pods_task3.framework in Frameworks */,
			);
			runOnlyForDeploymentPostprocessing = 0;
		};
		04986AAB2541EDAD00884F8E /* Frameworks */ = {
			isa = PBXFrameworksBuildPhase;
			buildActionMask = 2147483647;
			files = (
				377B08485F0360079F5EC100 /* Pods_task3Tests.framework in Frameworks */,
			);
			runOnlyForDeploymentPostprocessing = 0;
		};
		04986AB62541EDAD00884F8E /* Frameworks */ = {
			isa = PBXFrameworksBuildPhase;
			buildActionMask = 2147483647;
			files = (
				07C9C2A23F6036C3A600CCC9 /* Pods_task3_task3UITests.framework in Frameworks */,
			);
			runOnlyForDeploymentPostprocessing = 0;
		};
/* End PBXFrameworksBuildPhase section */

/* Begin PBXGroup section */
		0408267A25B7448800365C09 /* ServiceLayer */ = {
			isa = PBXGroup;
			children = (
				0408267525B7446E00365C09 /* NetworkService.swift */,
			);
			path = ServiceLayer;
			sourceTree = "<group>";
		};
		0408268625B74BF500365C09 /* Model */ = {
			isa = PBXGroup;
			children = (
				0408268125B74BDF00365C09 /* DataResponse.swift */,
			);
			path = Model;
			sourceTree = "<group>";
		};
		0408268A25B74BFF00365C09 /* ListNewsModule */ = {
			isa = PBXGroup;
			children = (
				0408268625B74BF500365C09 /* Model */,
				0408269325B7536100365C09 /* Presenter */,
				0408269E25B8A37400365C09 /* View */,
				040826CD25D03BCC00365C09 /* ConvertData */,
				045680E225F8E48C00019239 /* Router */,
				045680FA25F8EEC800019239 /* AssemblyBuilder */,
			);
			path = ListNewsModule;
			sourceTree = "<group>";
		};
		0408269325B7536100365C09 /* Presenter */ = {
			isa = PBXGroup;
			children = (
				0408268E25B7535500365C09 /* ListNewsPresenter.swift */,
			);
			path = Presenter;
			sourceTree = "<group>";
		};
		0408269E25B8A37400365C09 /* View */ = {
			isa = PBXGroup;
			children = (
				040826A925B9F22300365C09 /* Cell */,
				0408269725B8A36C00365C09 /* ListNewsViewController.swift */,
			);
			path = View;
			sourceTree = "<group>";
		};
		040826A925B9F22300365C09 /* Cell */ = {
			isa = PBXGroup;
			children = (
				040826A225B9F21400365C09 /* ListNewsCollectionViewCell.swift */,
			);
			path = Cell;
			sourceTree = "<group>";
		};
		040826CD25D03BCC00365C09 /* ConvertData */ = {
			isa = PBXGroup;
			children = (
				040826C825D0393000365C09 /* ConvertFromStringToData.swift */,
			);
			path = ConvertData;
			sourceTree = "<group>";
		};
		04559FB7262C8CFA006CF5EE /* TestAuthModule */ = {
			isa = PBXGroup;
			children = (
				04559FB2262C8CF3006CF5EE /* AuthPresenterTest.swift */,
				04559FBE262CA0DC006CF5EE /* AuthRouterTest.swift */,
			);
			path = TestAuthModule;
			sourceTree = "<group>";
		};
		04559FD1262DF280006CF5EE /* TestListNewsModule */ = {
			isa = PBXGroup;
			children = (
				04559FC9262DF255006CF5EE /* ListNewsPresenterTest.swift */,
			);
			path = TestListNewsModule;
			sourceTree = "<group>";
		};
		045680D625F8E1FF00019239 /* AuthRouter */ = {
			isa = PBXGroup;
			children = (
				045680D125F8E1FB00019239 /* AuthRouter.swift */,
			);
			path = AuthRouter;
			sourceTree = "<group>";
		};
		045680E225F8E48C00019239 /* Router */ = {
			isa = PBXGroup;
			children = (
				045680DD25F8E48500019239 /* ListNewsRouter.swift */,
			);
			path = Router;
			sourceTree = "<group>";
		};
		045680EE25F8EC8600019239 /* AuthAssemblyBuilder */ = {
			isa = PBXGroup;
			children = (
				045680E925F8EC8100019239 /* AuthAssemblyBuilder.swift */,
			);
			path = AuthAssemblyBuilder;
			sourceTree = "<group>";
		};
		045680FA25F8EEC800019239 /* AssemblyBuilder */ = {
			isa = PBXGroup;
			children = (
				045680F525F8EEBE00019239 /* ListNewsAssemblyBuilder.swift */,
			);
			path = AssemblyBuilder;
			sourceTree = "<group>";
		};
		0456812D2608AA4B00019239 /* Extensions */ = {
			isa = PBXGroup;
			children = (
				045681282608AA4100019239 /* Gradient.swift */,
				045681342608ABFE00019239 /* Constants.swift */,
			);
			path = Extensions;
			sourceTree = "<group>";
		};
		04986A8F2541EDA300884F8E = {
			isa = PBXGroup;
			children = (
				04986A9A2541EDA300884F8E /* task3 */,
				04986AB12541EDAD00884F8E /* task3Tests */,
				04986ABC2541EDAD00884F8E /* task3UITests */,
				04986A992541EDA300884F8E /* Products */,
				93DEAAA94808704E502A1FD6 /* Pods */,
				BE7F9F113FAA10B181097DD2 /* Frameworks */,
			);
			sourceTree = "<group>";
		};
		04986A992541EDA300884F8E /* Products */ = {
			isa = PBXGroup;
			children = (
				04986A982541EDA300884F8E /* task3.app */,
				04986AAE2541EDAD00884F8E /* task3Tests.xctest */,
				04986AB92541EDAD00884F8E /* task3UITests.xctest */,
			);
			name = Products;
			sourceTree = "<group>";
		};
		04986A9A2541EDA300884F8E /* task3 */ = {
			isa = PBXGroup;
			children = (
				04986A9B2541EDA300884F8E /* AppDelegate.swift */,
				04986A9D2541EDA300884F8E /* SceneDelegate.swift */,
				04A10B8A2547321A00ADB68F /* AuthModule */,
				0408268A25B74BFF00365C09 /* ListNewsModule */,
				0408267A25B7448800365C09 /* ServiceLayer */,
				04986AA42541EDAC00884F8E /* Assets.xcassets */,
				04986AA12541EDA300884F8E /* Main.storyboard */,
				04986AA62541EDAC00884F8E /* LaunchScreen.storyboard */,
				04986AA92541EDAC00884F8E /* Info.plist */,
				04BADCC12559A78900F711B0 /* Roboto-Regular.ttf */,
				04BADCBC2559A77600F711B0 /* Roboto-Thin.ttf */,
			);
			path = task3;
			sourceTree = "<group>";
		};
		04986AB12541EDAD00884F8E /* task3Tests */ = {
			isa = PBXGroup;
			children = (
				04986AB22541EDAD00884F8E /* task3Tests.swift */,
				04559FB7262C8CFA006CF5EE /* TestAuthModule */,
				04559FD1262DF280006CF5EE /* TestListNewsModule */,
				04986AB42541EDAD00884F8E /* Info.plist */,
			);
			path = task3Tests;
			sourceTree = "<group>";
		};
		04986ABC2541EDAD00884F8E /* task3UITests */ = {
			isa = PBXGroup;
			children = (
				04986ABD2541EDAD00884F8E /* task3UITests.swift */,
				04986ABF2541EDAD00884F8E /* Info.plist */,
			);
			path = task3UITests;
			sourceTree = "<group>";
		};
		04A10B8A2547321A00ADB68F /* AuthModule */ = {
			isa = PBXGroup;
			children = (
				04BDF62025EBB355008FEA25 /* View */,
				04BDF61C25EBB347008FEA25 /* Presenter */,
				04BADCED2559B1F500F711B0 /* AuthView */,
				045680D625F8E1FF00019239 /* AuthRouter */,
				045680EE25F8EC8600019239 /* AuthAssemblyBuilder */,
				0456812D2608AA4B00019239 /* Extensions */,
			);
			path = AuthModule;
			sourceTree = "<group>";
		};
		04BADCED2559B1F500F711B0 /* AuthView */ = {
			isa = PBXGroup;
			children = (
				04BADCE32559B1AF00F711B0 /* AuthView.swift */,
				04BADCE82559B1E200F711B0 /* AuthView.xib */,
			);
			path = AuthView;
			sourceTree = "<group>";
		};
		04BDF61C25EBB347008FEA25 /* Presenter */ = {
			isa = PBXGroup;
			children = (
				04BADCB72557127400F711B0 /* AuthPresenter.swift */,
			);
			path = Presenter;
			sourceTree = "<group>";
		};
		04BDF62025EBB355008FEA25 /* View */ = {
			isa = PBXGroup;
			children = (
				04986A9F2541EDA300884F8E /* AuthViewController.swift */,
			);
			name = View;
			sourceTree = "<group>";
		};
		93DEAAA94808704E502A1FD6 /* Pods */ = {
			isa = PBXGroup;
			children = (
				23292F34A53B967B6156CB7B /* Pods-task3.debug.xcconfig */,
				94C04FD3863FA96240F817F7 /* Pods-task3.release.xcconfig */,
				7D4077A6062012C787A69DA5 /* Pods-task3-task3UITests.debug.xcconfig */,
				EF8BE40EDD60E0AB4D69A380 /* Pods-task3-task3UITests.release.xcconfig */,
				2FAF32A65E9BBCA408675D15 /* Pods-task3Tests.debug.xcconfig */,
				B6A7C76353FCAFE3E991CC68 /* Pods-task3Tests.release.xcconfig */,
			);
			path = Pods;
			sourceTree = "<group>";
		};
		BE7F9F113FAA10B181097DD2 /* Frameworks */ = {
			isa = PBXGroup;
			children = (
				46D4B6D7D16FBDDD3F8852BC /* Pods_task3.framework */,
				2521AF7CF2B96E4A3280E065 /* Pods_task3_task3UITests.framework */,
				5CCCE291F1AD18E7AD57B42E /* Pods_task3Tests.framework */,
			);
			name = Frameworks;
			sourceTree = "<group>";
		};
/* End PBXGroup section */

/* Begin PBXNativeTarget section */
		04986A972541EDA300884F8E /* task3 */ = {
			isa = PBXNativeTarget;
			buildConfigurationList = 04986AC22541EDAD00884F8E /* Build configuration list for PBXNativeTarget "task3" */;
			buildPhases = (
				076EF1AF364C967B61FD5D72 /* [CP] Check Pods Manifest.lock */,
				04986A942541EDA300884F8E /* Sources */,
				04986A952541EDA300884F8E /* Frameworks */,
				04986A962541EDA300884F8E /* Resources */,
				1ABCC8BE9B64CACCD548B33A /* [CP] Embed Pods Frameworks */,
			);
			buildRules = (
			);
			dependencies = (
			);
			name = task3;
			productName = task3;
			productReference = 04986A982541EDA300884F8E /* task3.app */;
			productType = "com.apple.product-type.application";
		};
		04986AAD2541EDAD00884F8E /* task3Tests */ = {
			isa = PBXNativeTarget;
			buildConfigurationList = 04986AC52541EDAD00884F8E /* Build configuration list for PBXNativeTarget "task3Tests" */;
			buildPhases = (
				84720F1AE4F0C39638D36FE9 /* [CP] Check Pods Manifest.lock */,
				04986AAA2541EDAD00884F8E /* Sources */,
				04986AAB2541EDAD00884F8E /* Frameworks */,
				04986AAC2541EDAD00884F8E /* Resources */,
			);
			buildRules = (
			);
			dependencies = (
				04986AB02541EDAD00884F8E /* PBXTargetDependency */,
			);
			name = task3Tests;
			productName = task3Tests;
			productReference = 04986AAE2541EDAD00884F8E /* task3Tests.xctest */;
			productType = "com.apple.product-type.bundle.unit-test";
		};
		04986AB82541EDAD00884F8E /* task3UITests */ = {
			isa = PBXNativeTarget;
			buildConfigurationList = 04986AC82541EDAD00884F8E /* Build configuration list for PBXNativeTarget "task3UITests" */;
			buildPhases = (
				B5A81B939544EBEF4A808032 /* [CP] Check Pods Manifest.lock */,
				04986AB52541EDAD00884F8E /* Sources */,
				04986AB62541EDAD00884F8E /* Frameworks */,
				04986AB72541EDAD00884F8E /* Resources */,
				C1FCB8272E29BCDA19901088 /* [CP] Embed Pods Frameworks */,
			);
			buildRules = (
			);
			dependencies = (
				04986ABB2541EDAD00884F8E /* PBXTargetDependency */,
			);
			name = task3UITests;
			productName = task3UITests;
			productReference = 04986AB92541EDAD00884F8E /* task3UITests.xctest */;
			productType = "com.apple.product-type.bundle.ui-testing";
		};
/* End PBXNativeTarget section */

/* Begin PBXProject section */
		04986A902541EDA300884F8E /* Project object */ = {
			isa = PBXProject;
			attributes = {
				LastSwiftUpdateCheck = 1200;
				LastUpgradeCheck = 1200;
				TargetAttributes = {
					04986A972541EDA300884F8E = {
						CreatedOnToolsVersion = 12.0.1;
					};
					04986AAD2541EDAD00884F8E = {
						CreatedOnToolsVersion = 12.0.1;
						TestTargetID = 04986A972541EDA300884F8E;
					};
					04986AB82541EDAD00884F8E = {
						CreatedOnToolsVersion = 12.0.1;
						TestTargetID = 04986A972541EDA300884F8E;
					};
				};
			};
			buildConfigurationList = 04986A932541EDA300884F8E /* Build configuration list for PBXProject "task3" */;
			compatibilityVersion = "Xcode 9.3";
			developmentRegion = en;
			hasScannedForEncodings = 0;
			knownRegions = (
				en,
				Base,
			);
			mainGroup = 04986A8F2541EDA300884F8E;
			productRefGroup = 04986A992541EDA300884F8E /* Products */;
			projectDirPath = "";
			projectRoot = "";
			targets = (
				04986A972541EDA300884F8E /* task3 */,
				04986AAD2541EDAD00884F8E /* task3Tests */,
				04986AB82541EDAD00884F8E /* task3UITests */,
			);
		};
/* End PBXProject section */

/* Begin PBXResourcesBuildPhase section */
		04986A962541EDA300884F8E /* Resources */ = {
			isa = PBXResourcesBuildPhase;
			buildActionMask = 2147483647;
			files = (
				04BADCBD2559A77600F711B0 /* Roboto-Thin.ttf in Resources */,
				04986AA82541EDAC00884F8E /* LaunchScreen.storyboard in Resources */,
				04986AA52541EDAC00884F8E /* Assets.xcassets in Resources */,
				04BADCE92559B1E200F711B0 /* AuthView.xib in Resources */,
				04986AA32541EDA300884F8E /* Main.storyboard in Resources */,
			);
			runOnlyForDeploymentPostprocessing = 0;
		};
		04986AAC2541EDAD00884F8E /* Resources */ = {
			isa = PBXResourcesBuildPhase;
			buildActionMask = 2147483647;
			files = (
			);
			runOnlyForDeploymentPostprocessing = 0;
		};
		04986AB72541EDAD00884F8E /* Resources */ = {
			isa = PBXResourcesBuildPhase;
			buildActionMask = 2147483647;
			files = (
			);
			runOnlyForDeploymentPostprocessing = 0;
		};
/* End PBXResourcesBuildPhase section */

/* Begin PBXShellScriptBuildPhase section */
		076EF1AF364C967B61FD5D72 /* [CP] Check Pods Manifest.lock */ = {
			isa = PBXShellScriptBuildPhase;
			buildActionMask = 2147483647;
			files = (
			);
			inputFileListPaths = (
			);
			inputPaths = (
				"${PODS_PODFILE_DIR_PATH}/Podfile.lock",
				"${PODS_ROOT}/Manifest.lock",
			);
			name = "[CP] Check Pods Manifest.lock";
			outputFileListPaths = (
			);
			outputPaths = (
				"$(DERIVED_FILE_DIR)/Pods-task3-checkManifestLockResult.txt",
			);
			runOnlyForDeploymentPostprocessing = 0;
			shellPath = /bin/sh;
			shellScript = "diff \"${PODS_PODFILE_DIR_PATH}/Podfile.lock\" \"${PODS_ROOT}/Manifest.lock\" > /dev/null\nif [ $? != 0 ] ; then\n    # print error to STDERR\n    echo \"error: The sandbox is not in sync with the Podfile.lock. Run 'pod install' or update your CocoaPods installation.\" >&2\n    exit 1\nfi\n# This output is used by Xcode 'outputs' to avoid re-running this script phase.\necho \"SUCCESS\" > \"${SCRIPT_OUTPUT_FILE_0}\"\n";
			showEnvVarsInLog = 0;
		};
		1ABCC8BE9B64CACCD548B33A /* [CP] Embed Pods Frameworks */ = {
			isa = PBXShellScriptBuildPhase;
			buildActionMask = 2147483647;
			files = (
			);
			inputFileListPaths = (
				"${PODS_ROOT}/Target Support Files/Pods-task3/Pods-task3-frameworks-${CONFIGURATION}-input-files.xcfilelist",
			);
			name = "[CP] Embed Pods Frameworks";
			outputFileListPaths = (
				"${PODS_ROOT}/Target Support Files/Pods-task3/Pods-task3-frameworks-${CONFIGURATION}-output-files.xcfilelist",
			);
			runOnlyForDeploymentPostprocessing = 0;
			shellPath = /bin/sh;
			shellScript = "\"${PODS_ROOT}/Target Support Files/Pods-task3/Pods-task3-frameworks.sh\"\n";
			showEnvVarsInLog = 0;
		};
		84720F1AE4F0C39638D36FE9 /* [CP] Check Pods Manifest.lock */ = {
			isa = PBXShellScriptBuildPhase;
			buildActionMask = 2147483647;
			files = (
			);
			inputFileListPaths = (
			);
			inputPaths = (
				"${PODS_PODFILE_DIR_PATH}/Podfile.lock",
				"${PODS_ROOT}/Manifest.lock",
			);
			name = "[CP] Check Pods Manifest.lock";
			outputFileListPaths = (
			);
			outputPaths = (
				"$(DERIVED_FILE_DIR)/Pods-task3Tests-checkManifestLockResult.txt",
			);
			runOnlyForDeploymentPostprocessing = 0;
			shellPath = /bin/sh;
			shellScript = "diff \"${PODS_PODFILE_DIR_PATH}/Podfile.lock\" \"${PODS_ROOT}/Manifest.lock\" > /dev/null\nif [ $? != 0 ] ; then\n    # print error to STDERR\n    echo \"error: The sandbox is not in sync with the Podfile.lock. Run 'pod install' or update your CocoaPods installation.\" >&2\n    exit 1\nfi\n# This output is used by Xcode 'outputs' to avoid re-running this script phase.\necho \"SUCCESS\" > \"${SCRIPT_OUTPUT_FILE_0}\"\n";
			showEnvVarsInLog = 0;
		};
		B5A81B939544EBEF4A808032 /* [CP] Check Pods Manifest.lock */ = {
			isa = PBXShellScriptBuildPhase;
			buildActionMask = 2147483647;
			files = (
			);
			inputFileListPaths = (
			);
			inputPaths = (
				"${PODS_PODFILE_DIR_PATH}/Podfile.lock",
				"${PODS_ROOT}/Manifest.lock",
			);
			name = "[CP] Check Pods Manifest.lock";
			outputFileListPaths = (
			);
			outputPaths = (
				"$(DERIVED_FILE_DIR)/Pods-task3-task3UITests-checkManifestLockResult.txt",
			);
			runOnlyForDeploymentPostprocessing = 0;
			shellPath = /bin/sh;
			shellScript = "diff \"${PODS_PODFILE_DIR_PATH}/Podfile.lock\" \"${PODS_ROOT}/Manifest.lock\" > /dev/null\nif [ $? != 0 ] ; then\n    # print error to STDERR\n    echo \"error: The sandbox is not in sync with the Podfile.lock. Run 'pod install' or update your CocoaPods installation.\" >&2\n    exit 1\nfi\n# This output is used by Xcode 'outputs' to avoid re-running this script phase.\necho \"SUCCESS\" > \"${SCRIPT_OUTPUT_FILE_0}\"\n";
			showEnvVarsInLog = 0;
		};
		C1FCB8272E29BCDA19901088 /* [CP] Embed Pods Frameworks */ = {
			isa = PBXShellScriptBuildPhase;
			buildActionMask = 2147483647;
			files = (
			);
			inputFileListPaths = (
				"${PODS_ROOT}/Target Support Files/Pods-task3-task3UITests/Pods-task3-task3UITests-frameworks-${CONFIGURATION}-input-files.xcfilelist",
			);
			name = "[CP] Embed Pods Frameworks";
			outputFileListPaths = (
				"${PODS_ROOT}/Target Support Files/Pods-task3-task3UITests/Pods-task3-task3UITests-frameworks-${CONFIGURATION}-output-files.xcfilelist",
			);
			runOnlyForDeploymentPostprocessing = 0;
			shellPath = /bin/sh;
			shellScript = "\"${PODS_ROOT}/Target Support Files/Pods-task3-task3UITests/Pods-task3-task3UITests-frameworks.sh\"\n";
			showEnvVarsInLog = 0;
		};
/* End PBXShellScriptBuildPhase section */

/* Begin PBXSourcesBuildPhase section */
		04986A942541EDA300884F8E /* Sources */ = {
			isa = PBXSourcesBuildPhase;
			buildActionMask = 2147483647;
			files = (
				045680D225F8E1FB00019239 /* AuthRouter.swift in Sources */,
				045681352608ABFE00019239 /* Constants.swift in Sources */,
				040826A425B9F21400365C09 /* ListNewsCollectionViewCell.swift in Sources */,
				04BADCB82557127400F711B0 /* AuthPresenter.swift in Sources */,
				04986AA02541EDA300884F8E /* AuthViewController.swift in Sources */,
				0408268F25B7535500365C09 /* ListNewsPresenter.swift in Sources */,
				045680DE25F8E48500019239 /* ListNewsRouter.swift in Sources */,
				0408268225B74BDF00365C09 /* DataResponse.swift in Sources */,
				045681292608AA4100019239 /* Gradient.swift in Sources */,
				040826C925D0393000365C09 /* ConvertFromStringToData.swift in Sources */,
				04986A9C2541EDA300884F8E /* AppDelegate.swift in Sources */,
				04986A9E2541EDA300884F8E /* SceneDelegate.swift in Sources */,
				045680F625F8EEBE00019239 /* ListNewsAssemblyBuilder.swift in Sources */,
				0408269925B8A36C00365C09 /* ListNewsViewController.swift in Sources */,
				045680EA25F8EC8100019239 /* AuthAssemblyBuilder.swift in Sources */,
				04BADCE42559B1AF00F711B0 /* AuthView.swift in Sources */,
				0408267625B7446E00365C09 /* NetworkService.swift in Sources */,
			);
			runOnlyForDeploymentPostprocessing = 0;
		};
		04986AAA2541EDAD00884F8E /* Sources */ = {
			isa = PBXSourcesBuildPhase;
			buildActionMask = 2147483647;
			files = (
				04559FB3262C8CF3006CF5EE /* AuthPresenterTest.swift in Sources */,
				04559FBF262CA0DC006CF5EE /* AuthRouterTest.swift in Sources */,
				04986AB32541EDAD00884F8E /* task3Tests.swift in Sources */,
				04559FCA262DF255006CF5EE /* ListNewsPresenterTest.swift in Sources */,
			);
			runOnlyForDeploymentPostprocessing = 0;
		};
		04986AB52541EDAD00884F8E /* Sources */ = {
			isa = PBXSourcesBuildPhase;
			buildActionMask = 2147483647;
			files = (
				04986ABE2541EDAD00884F8E /* task3UITests.swift in Sources */,
			);
			runOnlyForDeploymentPostprocessing = 0;
		};
/* End PBXSourcesBuildPhase section */

/* Begin PBXTargetDependency section */
		04986AB02541EDAD00884F8E /* PBXTargetDependency */ = {
			isa = PBXTargetDependency;
			target = 04986A972541EDA300884F8E /* task3 */;
			targetProxy = 04986AAF2541EDAD00884F8E /* PBXContainerItemProxy */;
		};
		04986ABB2541EDAD00884F8E /* PBXTargetDependency */ = {
			isa = PBXTargetDependency;
			target = 04986A972541EDA300884F8E /* task3 */;
			targetProxy = 04986ABA2541EDAD00884F8E /* PBXContainerItemProxy */;
		};
/* End PBXTargetDependency section */

/* Begin PBXVariantGroup section */
		04986AA12541EDA300884F8E /* Main.storyboard */ = {
			isa = PBXVariantGroup;
			children = (
				04986AA22541EDA300884F8E /* Base */,
			);
			name = Main.storyboard;
			sourceTree = "<group>";
		};
		04986AA62541EDAC00884F8E /* LaunchScreen.storyboard */ = {
			isa = PBXVariantGroup;
			children = (
				04986AA72541EDAC00884F8E /* Base */,
			);
			name = LaunchScreen.storyboard;
			sourceTree = "<group>";
		};
/* End PBXVariantGroup section */

/* Begin XCBuildConfiguration section */
		04986AC02541EDAD00884F8E /* Debug */ = {
			isa = XCBuildConfiguration;
			buildSettings = {
				ALWAYS_SEARCH_USER_PATHS = NO;
				CLANG_ANALYZER_NONNULL = YES;
				CLANG_ANALYZER_NUMBER_OBJECT_CONVERSION = YES_AGGRESSIVE;
				CLANG_CXX_LANGUAGE_STANDARD = "gnu++14";
				CLANG_CXX_LIBRARY = "libc++";
				CLANG_ENABLE_MODULES = YES;
				CLANG_ENABLE_OBJC_ARC = YES;
				CLANG_ENABLE_OBJC_WEAK = YES;
				CLANG_WARN_BLOCK_CAPTURE_AUTORELEASING = YES;
				CLANG_WARN_BOOL_CONVERSION = YES;
				CLANG_WARN_COMMA = YES;
				CLANG_WARN_CONSTANT_CONVERSION = YES;
				CLANG_WARN_DEPRECATED_OBJC_IMPLEMENTATIONS = YES;
				CLANG_WARN_DIRECT_OBJC_ISA_USAGE = YES_ERROR;
				CLANG_WARN_DOCUMENTATION_COMMENTS = YES;
				CLANG_WARN_EMPTY_BODY = YES;
				CLANG_WARN_ENUM_CONVERSION = YES;
				CLANG_WARN_INFINITE_RECURSION = YES;
				CLANG_WARN_INT_CONVERSION = YES;
				CLANG_WARN_NON_LITERAL_NULL_CONVERSION = YES;
				CLANG_WARN_OBJC_IMPLICIT_RETAIN_SELF = YES;
				CLANG_WARN_OBJC_LITERAL_CONVERSION = YES;
				CLANG_WARN_OBJC_ROOT_CLASS = YES_ERROR;
				CLANG_WARN_QUOTED_INCLUDE_IN_FRAMEWORK_HEADER = YES;
				CLANG_WARN_RANGE_LOOP_ANALYSIS = YES;
				CLANG_WARN_STRICT_PROTOTYPES = YES;
				CLANG_WARN_SUSPICIOUS_MOVE = YES;
				CLANG_WARN_UNGUARDED_AVAILABILITY = YES_AGGRESSIVE;
				CLANG_WARN_UNREACHABLE_CODE = YES;
				CLANG_WARN__DUPLICATE_METHOD_MATCH = YES;
				COPY_PHASE_STRIP = NO;
				DEBUG_INFORMATION_FORMAT = dwarf;
				ENABLE_STRICT_OBJC_MSGSEND = YES;
				ENABLE_TESTABILITY = YES;
				GCC_C_LANGUAGE_STANDARD = gnu11;
				GCC_DYNAMIC_NO_PIC = NO;
				GCC_NO_COMMON_BLOCKS = YES;
				GCC_OPTIMIZATION_LEVEL = 0;
				GCC_PREPROCESSOR_DEFINITIONS = (
					"DEBUG=1",
					"$(inherited)",
				);
				GCC_WARN_64_TO_32_BIT_CONVERSION = YES;
				GCC_WARN_ABOUT_RETURN_TYPE = YES_ERROR;
				GCC_WARN_UNDECLARED_SELECTOR = YES;
				GCC_WARN_UNINITIALIZED_AUTOS = YES_AGGRESSIVE;
				GCC_WARN_UNUSED_FUNCTION = YES;
				GCC_WARN_UNUSED_VARIABLE = YES;
				IPHONEOS_DEPLOYMENT_TARGET = 14.0;
				MTL_ENABLE_DEBUG_INFO = INCLUDE_SOURCE;
				MTL_FAST_MATH = YES;
				ONLY_ACTIVE_ARCH = YES;
				SDKROOT = iphoneos;
				SWIFT_ACTIVE_COMPILATION_CONDITIONS = DEBUG;
				SWIFT_OPTIMIZATION_LEVEL = "-Onone";
			};
			name = Debug;
		};
		04986AC12541EDAD00884F8E /* Release */ = {
			isa = XCBuildConfiguration;
			buildSettings = {
				ALWAYS_SEARCH_USER_PATHS = NO;
				CLANG_ANALYZER_NONNULL = YES;
				CLANG_ANALYZER_NUMBER_OBJECT_CONVERSION = YES_AGGRESSIVE;
				CLANG_CXX_LANGUAGE_STANDARD = "gnu++14";
				CLANG_CXX_LIBRARY = "libc++";
				CLANG_ENABLE_MODULES = YES;
				CLANG_ENABLE_OBJC_ARC = YES;
				CLANG_ENABLE_OBJC_WEAK = YES;
				CLANG_WARN_BLOCK_CAPTURE_AUTORELEASING = YES;
				CLANG_WARN_BOOL_CONVERSION = YES;
				CLANG_WARN_COMMA = YES;
				CLANG_WARN_CONSTANT_CONVERSION = YES;
				CLANG_WARN_DEPRECATED_OBJC_IMPLEMENTATIONS = YES;
				CLANG_WARN_DIRECT_OBJC_ISA_USAGE = YES_ERROR;
				CLANG_WARN_DOCUMENTATION_COMMENTS = YES;
				CLANG_WARN_EMPTY_BODY = YES;
				CLANG_WARN_ENUM_CONVERSION = YES;
				CLANG_WARN_INFINITE_RECURSION = YES;
				CLANG_WARN_INT_CONVERSION = YES;
				CLANG_WARN_NON_LITERAL_NULL_CONVERSION = YES;
				CLANG_WARN_OBJC_IMPLICIT_RETAIN_SELF = YES;
				CLANG_WARN_OBJC_LITERAL_CONVERSION = YES;
				CLANG_WARN_OBJC_ROOT_CLASS = YES_ERROR;
				CLANG_WARN_QUOTED_INCLUDE_IN_FRAMEWORK_HEADER = YES;
				CLANG_WARN_RANGE_LOOP_ANALYSIS = YES;
				CLANG_WARN_STRICT_PROTOTYPES = YES;
				CLANG_WARN_SUSPICIOUS_MOVE = YES;
				CLANG_WARN_UNGUARDED_AVAILABILITY = YES_AGGRESSIVE;
				CLANG_WARN_UNREACHABLE_CODE = YES;
				CLANG_WARN__DUPLICATE_METHOD_MATCH = YES;
				COPY_PHASE_STRIP = NO;
				DEBUG_INFORMATION_FORMAT = "dwarf-with-dsym";
				ENABLE_NS_ASSERTIONS = NO;
				ENABLE_STRICT_OBJC_MSGSEND = YES;
				GCC_C_LANGUAGE_STANDARD = gnu11;
				GCC_NO_COMMON_BLOCKS = YES;
				GCC_WARN_64_TO_32_BIT_CONVERSION = YES;
				GCC_WARN_ABOUT_RETURN_TYPE = YES_ERROR;
				GCC_WARN_UNDECLARED_SELECTOR = YES;
				GCC_WARN_UNINITIALIZED_AUTOS = YES_AGGRESSIVE;
				GCC_WARN_UNUSED_FUNCTION = YES;
				GCC_WARN_UNUSED_VARIABLE = YES;
				IPHONEOS_DEPLOYMENT_TARGET = 14.0;
				MTL_ENABLE_DEBUG_INFO = NO;
				MTL_FAST_MATH = YES;
				SDKROOT = iphoneos;
				SWIFT_COMPILATION_MODE = wholemodule;
				SWIFT_OPTIMIZATION_LEVEL = "-O";
				VALIDATE_PRODUCT = YES;
			};
			name = Release;
		};
		04986AC32541EDAD00884F8E /* Debug */ = {
			isa = XCBuildConfiguration;
			baseConfigurationReference = 23292F34A53B967B6156CB7B /* Pods-task3.debug.xcconfig */;
			buildSettings = {
				ASSETCATALOG_COMPILER_APPICON_NAME = AppIcon;
				ASSETCATALOG_COMPILER_GLOBAL_ACCENT_COLOR_NAME = AccentColor;
				CODE_SIGN_STYLE = Automatic;
				INFOPLIST_FILE = task3/Info.plist;
				LD_RUNPATH_SEARCH_PATHS = (
					"$(inherited)",
					"@executable_path/Frameworks",
				);
				PRODUCT_BUNDLE_IDENTIFIER = com.pasha.task3;
				PRODUCT_NAME = "$(TARGET_NAME)";
				SWIFT_VERSION = 5.0;
				TARGETED_DEVICE_FAMILY = 1;
			};
			name = Debug;
		};
		04986AC42541EDAD00884F8E /* Release */ = {
			isa = XCBuildConfiguration;
			baseConfigurationReference = 94C04FD3863FA96240F817F7 /* Pods-task3.release.xcconfig */;
			buildSettings = {
				ASSETCATALOG_COMPILER_APPICON_NAME = AppIcon;
				ASSETCATALOG_COMPILER_GLOBAL_ACCENT_COLOR_NAME = AccentColor;
				CODE_SIGN_STYLE = Automatic;
				INFOPLIST_FILE = task3/Info.plist;
				LD_RUNPATH_SEARCH_PATHS = (
					"$(inherited)",
					"@executable_path/Frameworks",
				);
				PRODUCT_BUNDLE_IDENTIFIER = com.pasha.task3;
				PRODUCT_NAME = "$(TARGET_NAME)";
				SWIFT_VERSION = 5.0;
				TARGETED_DEVICE_FAMILY = 1;
			};
			name = Release;
		};
		04986AC62541EDAD00884F8E /* Debug */ = {
			isa = XCBuildConfiguration;
			baseConfigurationReference = 2FAF32A65E9BBCA408675D15 /* Pods-task3Tests.debug.xcconfig */;
			buildSettings = {
				ALWAYS_EMBED_SWIFT_STANDARD_LIBRARIES = YES;
				BUNDLE_LOADER = "$(TEST_HOST)";
				CODE_SIGN_STYLE = Automatic;
				INFOPLIST_FILE = task3Tests/Info.plist;
				IPHONEOS_DEPLOYMENT_TARGET = 14.0;
				LD_RUNPATH_SEARCH_PATHS = (
					"$(inherited)",
					"@executable_path/Frameworks",
					"@loader_path/Frameworks",
				);
				PRODUCT_BUNDLE_IDENTIFIER = com.pasha.task3Tests;
				PRODUCT_NAME = "$(TARGET_NAME)";
				SWIFT_VERSION = 5.0;
				TARGETED_DEVICE_FAMILY = "1,2";
				TEST_HOST = "$(BUILT_PRODUCTS_DIR)/task3.app/task3";
			};
			name = Debug;
		};
		04986AC72541EDAD00884F8E /* Release */ = {
			isa = XCBuildConfiguration;
			baseConfigurationReference = B6A7C76353FCAFE3E991CC68 /* Pods-task3Tests.release.xcconfig */;
			buildSettings = {
				ALWAYS_EMBED_SWIFT_STANDARD_LIBRARIES = YES;
				BUNDLE_LOADER = "$(TEST_HOST)";
				CODE_SIGN_STYLE = Automatic;
				INFOPLIST_FILE = task3Tests/Info.plist;
				IPHONEOS_DEPLOYMENT_TARGET = 14.0;
				LD_RUNPATH_SEARCH_PATHS = (
					"$(inherited)",
					"@executable_path/Frameworks",
					"@loader_path/Frameworks",
				);
				PRODUCT_BUNDLE_IDENTIFIER = com.pasha.task3Tests;
				PRODUCT_NAME = "$(TARGET_NAME)";
				SWIFT_VERSION = 5.0;
				TARGETED_DEVICE_FAMILY = "1,2";
				TEST_HOST = "$(BUILT_PRODUCTS_DIR)/task3.app/task3";
			};
			name = Release;
		};
		04986AC92541EDAD00884F8E /* Debug */ = {
			isa = XCBuildConfiguration;
			baseConfigurationReference = 7D4077A6062012C787A69DA5 /* Pods-task3-task3UITests.debug.xcconfig */;
			buildSettings = {
				ALWAYS_EMBED_SWIFT_STANDARD_LIBRARIES = YES;
				CODE_SIGN_STYLE = Automatic;
				INFOPLIST_FILE = task3UITests/Info.plist;
				LD_RUNPATH_SEARCH_PATHS = (
					"$(inherited)",
					"@executable_path/Frameworks",
					"@loader_path/Frameworks",
				);
				PRODUCT_BUNDLE_IDENTIFIER = com.pasha.task3UITests;
				PRODUCT_NAME = "$(TARGET_NAME)";
				SWIFT_VERSION = 5.0;
				TARGETED_DEVICE_FAMILY = "1,2";
				TEST_TARGET_NAME = task3;
			};
			name = Debug;
		};
		04986ACA2541EDAD00884F8E /* Release */ = {
			isa = XCBuildConfiguration;
			baseConfigurationReference = EF8BE40EDD60E0AB4D69A380 /* Pods-task3-task3UITests.release.xcconfig */;
			buildSettings = {
				ALWAYS_EMBED_SWIFT_STANDARD_LIBRARIES = YES;
				CODE_SIGN_STYLE = Automatic;
				INFOPLIST_FILE = task3UITests/Info.plist;
				LD_RUNPATH_SEARCH_PATHS = (
					"$(inherited)",
					"@executable_path/Frameworks",
					"@loader_path/Frameworks",
				);
				PRODUCT_BUNDLE_IDENTIFIER = com.pasha.task3UITests;
				PRODUCT_NAME = "$(TARGET_NAME)";
				SWIFT_VERSION = 5.0;
				TARGETED_DEVICE_FAMILY = "1,2";
				TEST_TARGET_NAME = task3;
			};
			name = Release;
		};
/* End XCBuildConfiguration section */

/* Begin XCConfigurationList section */
		04986A932541EDA300884F8E /* Build configuration list for PBXProject "task3" */ = {
			isa = XCConfigurationList;
			buildConfigurations = (
				04986AC02541EDAD00884F8E /* Debug */,
				04986AC12541EDAD00884F8E /* Release */,
			);
			defaultConfigurationIsVisible = 0;
			defaultConfigurationName = Release;
		};
		04986AC22541EDAD00884F8E /* Build configuration list for PBXNativeTarget "task3" */ = {
			isa = XCConfigurationList;
			buildConfigurations = (
				04986AC32541EDAD00884F8E /* Debug */,
				04986AC42541EDAD00884F8E /* Release */,
			);
			defaultConfigurationIsVisible = 0;
			defaultConfigurationName = Release;
		};
		04986AC52541EDAD00884F8E /* Build configuration list for PBXNativeTarget "task3Tests" */ = {
			isa = XCConfigurationList;
			buildConfigurations = (
				04986AC62541EDAD00884F8E /* Debug */,
				04986AC72541EDAD00884F8E /* Release */,
			);
			defaultConfigurationIsVisible = 0;
			defaultConfigurationName = Release;
		};
		04986AC82541EDAD00884F8E /* Build configuration list for PBXNativeTarget "task3UITests" */ = {
			isa = XCConfigurationList;
			buildConfigurations = (
				04986AC92541EDAD00884F8E /* Debug */,
				04986ACA2541EDAD00884F8E /* Release */,
			);
			defaultConfigurationIsVisible = 0;
			defaultConfigurationName = Release;
		};
/* End XCConfigurationList section */
	};
	rootObject = 04986A902541EDA300884F8E /* Project object */;
}
